// !$*UTF8*$!
{
	archiveVersion = 1;
	classes = {
	};
	objectVersion = 46;
	objects = {

/* Begin PBXBuildFile section */
		EF1768501F79E98900711B57 /* libassimp.4.0.1.dylib in Frameworks */ = {isa = PBXBuildFile; fileRef = EFB02EDF1F78F776007CBE0E /* libassimp.4.0.1.dylib */; };
		EF261CFF1F74BCDF00C6FA2B /* basic_lighting_specular.cpp in Sources */ = {isa = PBXBuildFile; fileRef = EF261CFD1F74BCDF00C6FA2B /* basic_lighting_specular.cpp */; };
		EF261D061F74F4BA00C6FA2B /* materials.cpp in Sources */ = {isa = PBXBuildFile; fileRef = EF261D041F74F4BA00C6FA2B /* materials.cpp */; };
		EF261D0E1F75016C00C6FA2B /* lighting_maps_diffuse.cpp in Sources */ = {isa = PBXBuildFile; fileRef = EF261D0C1F75016C00C6FA2B /* lighting_maps_diffuse.cpp */; };
		EF3BF8471F6F774800849CF5 /* main.cpp in Sources */ = {isa = PBXBuildFile; fileRef = EF3BF8461F6F774800849CF5 /* main.cpp */; };
		EF3BF84F1F6F77DA00849CF5 /* OpenGL.framework in Frameworks */ = {isa = PBXBuildFile; fileRef = EF3BF84E1F6F77DA00849CF5 /* OpenGL.framework */; };
		EF3BF8531F6F783B00849CF5 /* libglfw.3.2.dylib in Frameworks */ = {isa = PBXBuildFile; fileRef = EF3BF8521F6F783B00849CF5 /* libglfw.3.2.dylib */; };
		EF3BF99B1F6FB65500849CF5 /* glad.c in Sources */ = {isa = PBXBuildFile; fileRef = EF3BF9981F6FB65500849CF5 /* glad.c */; };
		EF40558E1F7351C100B15A8A /* camera_circle.cpp in Sources */ = {isa = PBXBuildFile; fileRef = EF40558C1F7351C100B15A8A /* camera_circle.cpp */; };
		EF40559B1F738DAF00B15A8A /* colors.cpp in Sources */ = {isa = PBXBuildFile; fileRef = EF4055991F738DAF00B15A8A /* colors.cpp */; };
		EF79B50B1F723974006F8A9F /* transformations.cpp in Sources */ = {isa = PBXBuildFile; fileRef = EF79B5091F723974006F8A9F /* transformations.cpp */; };
		EF79B5131F724F50006F8A9F /* coordinate_systems.cpp in Sources */ = {isa = PBXBuildFile; fileRef = EF79B5111F724F50006F8A9F /* coordinate_systems.cpp */; };
		EF79B5161F725824006F8A9F /* coordinate_systems_depth.cpp in Sources */ = {isa = PBXBuildFile; fileRef = EF79B5141F725824006F8A9F /* coordinate_systems_depth.cpp */; };
		EF7AC18E1F70A67000AD327C /* stb_image.cpp in Sources */ = {isa = PBXBuildFile; fileRef = EF7AC18D1F70A67000AD327C /* stb_image.cpp */; };
		EF7AC1921F70A73E00AD327C /* triangle.cpp in Sources */ = {isa = PBXBuildFile; fileRef = EF7AC1901F70A73E00AD327C /* triangle.cpp */; };
		EF7AC1951F70A9D100AD327C /* base.cpp in Sources */ = {isa = PBXBuildFile; fileRef = EF7AC1931F70A9D100AD327C /* base.cpp */; };
		EF7AC1991F70C44A00AD327C /* textures.cpp in Sources */ = {isa = PBXBuildFile; fileRef = EF7AC1971F70C44A00AD327C /* textures.cpp */; };
		EFB02EC81F788C86007CBE0E /* lighting_maps_specular.cpp in Sources */ = {isa = PBXBuildFile; fileRef = EFB02EC61F788C86007CBE0E /* lighting_maps_specular.cpp */; };
		EFB02ECF1F78A282007CBE0E /* light_casters_directional.cpp in Sources */ = {isa = PBXBuildFile; fileRef = EFB02ECD1F78A282007CBE0E /* light_casters_directional.cpp */; };
		EFB02EDA1F78D329007CBE0E /* multiple_lights.cpp in Sources */ = {isa = PBXBuildFile; fileRef = EFB02ED81F78D329007CBE0E /* multiple_lights.cpp */; };
		EFB02EE21F78FA06007CBE0E /* libGLEW.2.1.0.dylib in Frameworks */ = {isa = PBXBuildFile; fileRef = EF3BF8501F6F782600849CF5 /* libGLEW.2.1.0.dylib */; };
/* End PBXBuildFile section */

/* Begin PBXCopyFilesBuildPhase section */
		EF3BF8411F6F774800849CF5 /* CopyFiles */ = {
			isa = PBXCopyFilesBuildPhase;
			buildActionMask = 2147483647;
			dstPath = /usr/share/man/man1/;
			dstSubfolderSpec = 0;
			files = (
			);
			runOnlyForDeploymentPostprocessing = 1;
		};
/* End PBXCopyFilesBuildPhase section */

/* Begin PBXFileReference section */
		EF17684B1F79E38000711B57 /* mesh.h */ = {isa = PBXFileReference; lastKnownFileType = sourcecode.c.h; path = mesh.h; sourceTree = "<group>"; };
		EF261CF91F74BC0B00C6FA2B /* 2.2.lamp.vert */ = {isa = PBXFileReference; fileEncoding = 4; lastKnownFileType = sourcecode.glsl; path = 2.2.lamp.vert; sourceTree = "<group>"; };
		EF261CFA1F74BC1200C6FA2B /* 2.2.lamp.frag */ = {isa = PBXFileReference; fileEncoding = 4; lastKnownFileType = sourcecode.glsl; path = 2.2.lamp.frag; sourceTree = "<group>"; };
		EF261CFB1F74BC2C00C6FA2B /* 2.2.basic_lighting.vert */ = {isa = PBXFileReference; fileEncoding = 4; lastKnownFileType = sourcecode.glsl; path = 2.2.basic_lighting.vert; sourceTree = "<group>"; };
		EF261CFC1F74BC3500C6FA2B /* 2.2.basic_lighting.frag */ = {isa = PBXFileReference; fileEncoding = 4; lastKnownFileType = sourcecode.glsl; path = 2.2.basic_lighting.frag; sourceTree = "<group>"; };
		EF261CFD1F74BCDF00C6FA2B /* basic_lighting_specular.cpp */ = {isa = PBXFileReference; fileEncoding = 4; lastKnownFileType = sourcecode.cpp.cpp; path = basic_lighting_specular.cpp; sourceTree = "<group>"; };
		EF261CFE1F74BCDF00C6FA2B /* basic_lighting_specular.hpp */ = {isa = PBXFileReference; fileEncoding = 4; lastKnownFileType = sourcecode.cpp.h; path = basic_lighting_specular.hpp; sourceTree = "<group>"; };
		EF261D001F74E0F000C6FA2B /* 3.1.materials.vert */ = {isa = PBXFileReference; fileEncoding = 4; lastKnownFileType = sourcecode.glsl; path = 3.1.materials.vert; sourceTree = "<group>"; };
		EF261D011F74E0F900C6FA2B /* 3.1.materials.frag */ = {isa = PBXFileReference; fileEncoding = 4; lastKnownFileType = sourcecode.glsl; path = 3.1.materials.frag; sourceTree = "<group>"; };
		EF261D021F74E10600C6FA2B /* 3.1.lamp.vert */ = {isa = PBXFileReference; fileEncoding = 4; lastKnownFileType = sourcecode.glsl; path = 3.1.lamp.vert; sourceTree = "<group>"; };
		EF261D031F74E10E00C6FA2B /* 3.1.lamp.frag */ = {isa = PBXFileReference; fileEncoding = 4; lastKnownFileType = sourcecode.glsl; path = 3.1.lamp.frag; sourceTree = "<group>"; };
		EF261D041F74F4BA00C6FA2B /* materials.cpp */ = {isa = PBXFileReference; fileEncoding = 4; lastKnownFileType = sourcecode.cpp.cpp; path = materials.cpp; sourceTree = "<group>"; };
		EF261D051F74F4BA00C6FA2B /* materials.hpp */ = {isa = PBXFileReference; fileEncoding = 4; lastKnownFileType = sourcecode.cpp.h; path = materials.hpp; sourceTree = "<group>"; };
		EF261D071F74FF1400C6FA2B /* container2.png */ = {isa = PBXFileReference; lastKnownFileType = image.png; path = container2.png; sourceTree = "<group>"; };
		EF261D081F75013500C6FA2B /* 4.1.lighting_maps.vert */ = {isa = PBXFileReference; fileEncoding = 4; lastKnownFileType = sourcecode.glsl; path = 4.1.lighting_maps.vert; sourceTree = "<group>"; };
		EF261D091F75013D00C6FA2B /* 4.1.lighting_maps.frag */ = {isa = PBXFileReference; fileEncoding = 4; lastKnownFileType = sourcecode.glsl; path = 4.1.lighting_maps.frag; sourceTree = "<group>"; };
		EF261D0A1F75014D00C6FA2B /* 4.1.lamp.vert */ = {isa = PBXFileReference; fileEncoding = 4; lastKnownFileType = sourcecode.glsl; path = 4.1.lamp.vert; sourceTree = "<group>"; };
		EF261D0B1F75015500C6FA2B /* 4.1.lamp.frag */ = {isa = PBXFileReference; fileEncoding = 4; lastKnownFileType = sourcecode.glsl; path = 4.1.lamp.frag; sourceTree = "<group>"; };
		EF261D0C1F75016C00C6FA2B /* lighting_maps_diffuse.cpp */ = {isa = PBXFileReference; fileEncoding = 4; lastKnownFileType = sourcecode.cpp.cpp; path = lighting_maps_diffuse.cpp; sourceTree = "<group>"; };
		EF261D0D1F75016C00C6FA2B /* lighting_maps_diffuse.hpp */ = {isa = PBXFileReference; fileEncoding = 4; lastKnownFileType = sourcecode.cpp.h; path = lighting_maps_diffuse.hpp; sourceTree = "<group>"; };
		EF3BF8431F6F774800849CF5 /* LearnOpenGL */ = {isa = PBXFileReference; explicitFileType = "compiled.mach-o.executable"; includeInIndex = 0; path = LearnOpenGL; sourceTree = BUILT_PRODUCTS_DIR; };
		EF3BF8461F6F774800849CF5 /* main.cpp */ = {isa = PBXFileReference; lastKnownFileType = sourcecode.cpp.cpp; path = main.cpp; sourceTree = "<group>"; };
		EF3BF84E1F6F77DA00849CF5 /* OpenGL.framework */ = {isa = PBXFileReference; lastKnownFileType = wrapper.framework; name = OpenGL.framework; path = System/Library/Frameworks/OpenGL.framework; sourceTree = SDKROOT; };
		EF3BF8501F6F782600849CF5 /* libGLEW.2.1.0.dylib */ = {isa = PBXFileReference; lastKnownFileType = "compiled.mach-o.dylib"; name = libGLEW.2.1.0.dylib; path = ../../../../usr/local/Cellar/glew/2.1.0/lib/libGLEW.2.1.0.dylib; sourceTree = "<group>"; };
		EF3BF8521F6F783B00849CF5 /* libglfw.3.2.dylib */ = {isa = PBXFileReference; lastKnownFileType = "compiled.mach-o.dylib"; name = libglfw.3.2.dylib; path = ../../../../usr/local/Cellar/glfw/3.2.1/lib/libglfw.3.2.dylib; sourceTree = "<group>"; };
		EF3BF9941F6FAFEB00849CF5 /* learnopengl.h */ = {isa = PBXFileReference; fileEncoding = 4; lastKnownFileType = sourcecode.c.h; path = learnopengl.h; sourceTree = "<group>"; };
		EF3BF9951F6FAFEB00849CF5 /* shader.h */ = {isa = PBXFileReference; fileEncoding = 4; lastKnownFileType = sourcecode.c.h; path = shader.h; sourceTree = "<group>"; };
		EF3BF9961F6FAFF100849CF5 /* 3.3.shader.frag */ = {isa = PBXFileReference; fileEncoding = 4; lastKnownFileType = sourcecode.glsl; path = 3.3.shader.frag; sourceTree = "<group>"; };
		EF3BF9971F6FAFF100849CF5 /* 3.3.shader.vert */ = {isa = PBXFileReference; fileEncoding = 4; lastKnownFileType = sourcecode.glsl; path = 3.3.shader.vert; sourceTree = "<group>"; };
		EF3BF9981F6FB65500849CF5 /* glad.c */ = {isa = PBXFileReference; fileEncoding = 4; lastKnownFileType = sourcecode.c.c; path = glad.c; sourceTree = "<group>"; };
		EF3BF9991F6FB65500849CF5 /* glad.h */ = {isa = PBXFileReference; fileEncoding = 4; lastKnownFileType = sourcecode.c.h; path = glad.h; sourceTree = "<group>"; };
		EF3BF99A1F6FB65500849CF5 /* khrplatform.h */ = {isa = PBXFileReference; fileEncoding = 4; lastKnownFileType = sourcecode.c.h; path = khrplatform.h; sourceTree = "<group>"; };
		EF3BF99E1F6FC3FC00849CF5 /* stb_image.h */ = {isa = PBXFileReference; lastKnownFileType = sourcecode.c.h; path = stb_image.h; sourceTree = "<group>"; };
		EF40558C1F7351C100B15A8A /* camera_circle.cpp */ = {isa = PBXFileReference; lastKnownFileType = sourcecode.cpp.cpp; path = camera_circle.cpp; sourceTree = "<group>"; };
		EF40558D1F7351C100B15A8A /* camera_circle.hpp */ = {isa = PBXFileReference; lastKnownFileType = sourcecode.cpp.h; path = camera_circle.hpp; sourceTree = "<group>"; };
		EF40558F1F73540700B15A8A /* 7.1.camera.vert */ = {isa = PBXFileReference; lastKnownFileType = sourcecode.glsl; path = 7.1.camera.vert; sourceTree = "<group>"; };
		EF4055901F73541000B15A8A /* 7.1.camera.frag */ = {isa = PBXFileReference; lastKnownFileType = sourcecode.glsl; path = 7.1.camera.frag; sourceTree = "<group>"; };
		EF4055911F735E8F00B15A8A /* camera.h */ = {isa = PBXFileReference; lastKnownFileType = sourcecode.c.h; path = camera.h; sourceTree = "<group>"; };
		EF4055951F73872300B15A8A /* 1.colors.vert */ = {isa = PBXFileReference; lastKnownFileType = sourcecode.glsl; path = 1.colors.vert; sourceTree = "<group>"; };
		EF4055961F73872B00B15A8A /* 1.colors.frag */ = {isa = PBXFileReference; lastKnownFileType = sourcecode.glsl; path = 1.colors.frag; sourceTree = "<group>"; };
		EF4055971F73875700B15A8A /* 1.lamp.vert */ = {isa = PBXFileReference; lastKnownFileType = sourcecode.glsl; path = 1.lamp.vert; sourceTree = "<group>"; };
		EF4055981F73875F00B15A8A /* 1.lamp.frag */ = {isa = PBXFileReference; lastKnownFileType = sourcecode.glsl; path = 1.lamp.frag; sourceTree = "<group>"; };
		EF4055991F738DAF00B15A8A /* colors.cpp */ = {isa = PBXFileReference; fileEncoding = 4; lastKnownFileType = sourcecode.cpp.cpp; path = colors.cpp; sourceTree = "<group>"; };
		EF40559A1F738DAF00B15A8A /* colors.hpp */ = {isa = PBXFileReference; fileEncoding = 4; lastKnownFileType = sourcecode.cpp.h; path = colors.hpp; sourceTree = "<group>"; };
		EF79B4081F72190A006F8A9F /* CMakeLists.txt */ = {isa = PBXFileReference; lastKnownFileType = text; path = CMakeLists.txt; sourceTree = "<group>"; };
		EF79B4091F72190A006F8A9F /* common.hpp */ = {isa = PBXFileReference; lastKnownFileType = sourcecode.cpp.h; path = common.hpp; sourceTree = "<group>"; };
		EF79B40B1F72190A006F8A9F /* _features.hpp */ = {isa = PBXFileReference; lastKnownFileType = sourcecode.cpp.h; path = _features.hpp; sourceTree = "<group>"; };
		EF79B40C1F72190A006F8A9F /* _fixes.hpp */ = {isa = PBXFileReference; lastKnownFileType = sourcecode.cpp.h; path = _fixes.hpp; sourceTree = "<group>"; };
		EF79B40D1F72190A006F8A9F /* _literals.hpp */ = {isa = PBXFileReference; lastKnownFileType = sourcecode.cpp.h; path = _literals.hpp; sourceTree = "<group>"; };
		EF79B40E1F72190A006F8A9F /* _noise.hpp */ = {isa = PBXFileReference; lastKnownFileType = sourcecode.cpp.h; path = _noise.hpp; sourceTree = "<group>"; };
		EF79B40F1F72190A006F8A9F /* _swizzle.hpp */ = {isa = PBXFileReference; lastKnownFileType = sourcecode.cpp.h; path = _swizzle.hpp; sourceTree = "<group>"; };
		EF79B4101F72190A006F8A9F /* _swizzle_func.hpp */ = {isa = PBXFileReference; lastKnownFileType = sourcecode.cpp.h; path = _swizzle_func.hpp; sourceTree = "<group>"; };
		EF79B4111F72190A006F8A9F /* _vectorize.hpp */ = {isa = PBXFileReference; lastKnownFileType = sourcecode.cpp.h; path = _vectorize.hpp; sourceTree = "<group>"; };
		EF79B4121F72190A006F8A9F /* dummy.cpp */ = {isa = PBXFileReference; lastKnownFileType = sourcecode.cpp.cpp; path = dummy.cpp; sourceTree = "<group>"; };
		EF79B4131F72190A006F8A9F /* func_common.hpp */ = {isa = PBXFileReference; lastKnownFileType = sourcecode.cpp.h; path = func_common.hpp; sourceTree = "<group>"; };
		EF79B4141F72190A006F8A9F /* func_common.inl */ = {isa = PBXFileReference; lastKnownFileType = text; path = func_common.inl; sourceTree = "<group>"; };
		EF79B4151F72190A006F8A9F /* func_exponential.hpp */ = {isa = PBXFileReference; lastKnownFileType = sourcecode.cpp.h; path = func_exponential.hpp; sourceTree = "<group>"; };
		EF79B4161F72190A006F8A9F /* func_exponential.inl */ = {isa = PBXFileReference; lastKnownFileType = text; path = func_exponential.inl; sourceTree = "<group>"; };
		EF79B4171F72190A006F8A9F /* func_geometric.hpp */ = {isa = PBXFileReference; lastKnownFileType = sourcecode.cpp.h; path = func_geometric.hpp; sourceTree = "<group>"; };
		EF79B4181F72190A006F8A9F /* func_geometric.inl */ = {isa = PBXFileReference; lastKnownFileType = text; path = func_geometric.inl; sourceTree = "<group>"; };
		EF79B4191F72190A006F8A9F /* func_integer.hpp */ = {isa = PBXFileReference; lastKnownFileType = sourcecode.cpp.h; path = func_integer.hpp; sourceTree = "<group>"; };
		EF79B41A1F72190A006F8A9F /* func_integer.inl */ = {isa = PBXFileReference; lastKnownFileType = text; path = func_integer.inl; sourceTree = "<group>"; };
		EF79B41B1F72190A006F8A9F /* func_matrix.hpp */ = {isa = PBXFileReference; lastKnownFileType = sourcecode.cpp.h; path = func_matrix.hpp; sourceTree = "<group>"; };
		EF79B41C1F72190A006F8A9F /* func_matrix.inl */ = {isa = PBXFileReference; lastKnownFileType = text; path = func_matrix.inl; sourceTree = "<group>"; };
		EF79B41D1F72190A006F8A9F /* func_noise.hpp */ = {isa = PBXFileReference; lastKnownFileType = sourcecode.cpp.h; path = func_noise.hpp; sourceTree = "<group>"; };
		EF79B41E1F72190A006F8A9F /* func_noise.inl */ = {isa = PBXFileReference; lastKnownFileType = text; path = func_noise.inl; sourceTree = "<group>"; };
		EF79B41F1F72190A006F8A9F /* func_packing.hpp */ = {isa = PBXFileReference; lastKnownFileType = sourcecode.cpp.h; path = func_packing.hpp; sourceTree = "<group>"; };
		EF79B4201F72190A006F8A9F /* func_packing.inl */ = {isa = PBXFileReference; lastKnownFileType = text; path = func_packing.inl; sourceTree = "<group>"; };
		EF79B4211F72190A006F8A9F /* func_trigonometric.hpp */ = {isa = PBXFileReference; lastKnownFileType = sourcecode.cpp.h; path = func_trigonometric.hpp; sourceTree = "<group>"; };
		EF79B4221F72190A006F8A9F /* func_trigonometric.inl */ = {isa = PBXFileReference; lastKnownFileType = text; path = func_trigonometric.inl; sourceTree = "<group>"; };
		EF79B4231F72190A006F8A9F /* func_vector_relational.hpp */ = {isa = PBXFileReference; lastKnownFileType = sourcecode.cpp.h; path = func_vector_relational.hpp; sourceTree = "<group>"; };
		EF79B4241F72190A006F8A9F /* func_vector_relational.inl */ = {isa = PBXFileReference; lastKnownFileType = text; path = func_vector_relational.inl; sourceTree = "<group>"; };
		EF79B4251F72190A006F8A9F /* glm.cpp */ = {isa = PBXFileReference; lastKnownFileType = sourcecode.cpp.cpp; path = glm.cpp; sourceTree = "<group>"; };
		EF79B4261F72190A006F8A9F /* hint.hpp */ = {isa = PBXFileReference; lastKnownFileType = sourcecode.cpp.h; path = hint.hpp; sourceTree = "<group>"; };
		EF79B4271F72190A006F8A9F /* intrinsic_common.hpp */ = {isa = PBXFileReference; lastKnownFileType = sourcecode.cpp.h; path = intrinsic_common.hpp; sourceTree = "<group>"; };
		EF79B4281F72190A006F8A9F /* intrinsic_common.inl */ = {isa = PBXFileReference; lastKnownFileType = text; path = intrinsic_common.inl; sourceTree = "<group>"; };
		EF79B4291F72190A006F8A9F /* intrinsic_exponential.hpp */ = {isa = PBXFileReference; lastKnownFileType = sourcecode.cpp.h; path = intrinsic_exponential.hpp; sourceTree = "<group>"; };
		EF79B42A1F72190A006F8A9F /* intrinsic_exponential.inl */ = {isa = PBXFileReference; lastKnownFileType = text; path = intrinsic_exponential.inl; sourceTree = "<group>"; };
		EF79B42B1F72190A006F8A9F /* intrinsic_geometric.hpp */ = {isa = PBXFileReference; lastKnownFileType = sourcecode.cpp.h; path = intrinsic_geometric.hpp; sourceTree = "<group>"; };
		EF79B42C1F72190A006F8A9F /* intrinsic_geometric.inl */ = {isa = PBXFileReference; lastKnownFileType = text; path = intrinsic_geometric.inl; sourceTree = "<group>"; };
		EF79B42D1F72190A006F8A9F /* intrinsic_integer.hpp */ = {isa = PBXFileReference; lastKnownFileType = sourcecode.cpp.h; path = intrinsic_integer.hpp; sourceTree = "<group>"; };
		EF79B42E1F72190A006F8A9F /* intrinsic_integer.inl */ = {isa = PBXFileReference; lastKnownFileType = text; path = intrinsic_integer.inl; sourceTree = "<group>"; };
		EF79B42F1F72190A006F8A9F /* intrinsic_matrix.hpp */ = {isa = PBXFileReference; lastKnownFileType = sourcecode.cpp.h; path = intrinsic_matrix.hpp; sourceTree = "<group>"; };
		EF79B4301F72190A006F8A9F /* intrinsic_matrix.inl */ = {isa = PBXFileReference; lastKnownFileType = text; path = intrinsic_matrix.inl; sourceTree = "<group>"; };
		EF79B4311F72190A006F8A9F /* intrinsic_trigonometric.hpp */ = {isa = PBXFileReference; lastKnownFileType = sourcecode.cpp.h; path = intrinsic_trigonometric.hpp; sourceTree = "<group>"; };
		EF79B4321F72190A006F8A9F /* intrinsic_trigonometric.inl */ = {isa = PBXFileReference; lastKnownFileType = text; path = intrinsic_trigonometric.inl; sourceTree = "<group>"; };
		EF79B4331F72190A006F8A9F /* intrinsic_vector_relational.hpp */ = {isa = PBXFileReference; lastKnownFileType = sourcecode.cpp.h; path = intrinsic_vector_relational.hpp; sourceTree = "<group>"; };
		EF79B4341F72190A006F8A9F /* intrinsic_vector_relational.inl */ = {isa = PBXFileReference; lastKnownFileType = text; path = intrinsic_vector_relational.inl; sourceTree = "<group>"; };
		EF79B4351F72190A006F8A9F /* precision.hpp */ = {isa = PBXFileReference; lastKnownFileType = sourcecode.cpp.h; path = precision.hpp; sourceTree = "<group>"; };
		EF79B4361F72190A006F8A9F /* precision.inl */ = {isa = PBXFileReference; lastKnownFileType = text; path = precision.inl; sourceTree = "<group>"; };
		EF79B4371F72190A006F8A9F /* setup.hpp */ = {isa = PBXFileReference; lastKnownFileType = sourcecode.cpp.h; path = setup.hpp; sourceTree = "<group>"; };
		EF79B4381F72190A006F8A9F /* type_float.hpp */ = {isa = PBXFileReference; lastKnownFileType = sourcecode.cpp.h; path = type_float.hpp; sourceTree = "<group>"; };
		EF79B4391F72190A006F8A9F /* type_gentype.hpp */ = {isa = PBXFileReference; lastKnownFileType = sourcecode.cpp.h; path = type_gentype.hpp; sourceTree = "<group>"; };
		EF79B43A1F72190A006F8A9F /* type_gentype.inl */ = {isa = PBXFileReference; lastKnownFileType = text; path = type_gentype.inl; sourceTree = "<group>"; };
		EF79B43B1F72190A006F8A9F /* type_half.hpp */ = {isa = PBXFileReference; lastKnownFileType = sourcecode.cpp.h; path = type_half.hpp; sourceTree = "<group>"; };
		EF79B43C1F72190A006F8A9F /* type_half.inl */ = {isa = PBXFileReference; lastKnownFileType = text; path = type_half.inl; sourceTree = "<group>"; };
		EF79B43D1F72190A006F8A9F /* type_int.hpp */ = {isa = PBXFileReference; lastKnownFileType = sourcecode.cpp.h; path = type_int.hpp; sourceTree = "<group>"; };
		EF79B43E1F72190A006F8A9F /* type_mat.hpp */ = {isa = PBXFileReference; lastKnownFileType = sourcecode.cpp.h; path = type_mat.hpp; sourceTree = "<group>"; };
		EF79B43F1F72190A006F8A9F /* type_mat.inl */ = {isa = PBXFileReference; lastKnownFileType = text; path = type_mat.inl; sourceTree = "<group>"; };
		EF79B4401F72190A006F8A9F /* type_mat2x2.hpp */ = {isa = PBXFileReference; lastKnownFileType = sourcecode.cpp.h; path = type_mat2x2.hpp; sourceTree = "<group>"; };
		EF79B4411F72190A006F8A9F /* type_mat2x2.inl */ = {isa = PBXFileReference; lastKnownFileType = text; path = type_mat2x2.inl; sourceTree = "<group>"; };
		EF79B4421F72190A006F8A9F /* type_mat2x3.hpp */ = {isa = PBXFileReference; lastKnownFileType = sourcecode.cpp.h; path = type_mat2x3.hpp; sourceTree = "<group>"; };
		EF79B4431F72190A006F8A9F /* type_mat2x3.inl */ = {isa = PBXFileReference; lastKnownFileType = text; path = type_mat2x3.inl; sourceTree = "<group>"; };
		EF79B4441F72190A006F8A9F /* type_mat2x4.hpp */ = {isa = PBXFileReference; lastKnownFileType = sourcecode.cpp.h; path = type_mat2x4.hpp; sourceTree = "<group>"; };
		EF79B4451F72190A006F8A9F /* type_mat2x4.inl */ = {isa = PBXFileReference; lastKnownFileType = text; path = type_mat2x4.inl; sourceTree = "<group>"; };
		EF79B4461F72190A006F8A9F /* type_mat3x2.hpp */ = {isa = PBXFileReference; lastKnownFileType = sourcecode.cpp.h; path = type_mat3x2.hpp; sourceTree = "<group>"; };
		EF79B4471F72190A006F8A9F /* type_mat3x2.inl */ = {isa = PBXFileReference; lastKnownFileType = text; path = type_mat3x2.inl; sourceTree = "<group>"; };
		EF79B4481F72190A006F8A9F /* type_mat3x3.hpp */ = {isa = PBXFileReference; lastKnownFileType = sourcecode.cpp.h; path = type_mat3x3.hpp; sourceTree = "<group>"; };
		EF79B4491F72190A006F8A9F /* type_mat3x3.inl */ = {isa = PBXFileReference; lastKnownFileType = text; path = type_mat3x3.inl; sourceTree = "<group>"; };
		EF79B44A1F72190A006F8A9F /* type_mat3x4.hpp */ = {isa = PBXFileReference; lastKnownFileType = sourcecode.cpp.h; path = type_mat3x4.hpp; sourceTree = "<group>"; };
		EF79B44B1F72190A006F8A9F /* type_mat3x4.inl */ = {isa = PBXFileReference; lastKnownFileType = text; path = type_mat3x4.inl; sourceTree = "<group>"; };
		EF79B44C1F72190A006F8A9F /* type_mat4x2.hpp */ = {isa = PBXFileReference; lastKnownFileType = sourcecode.cpp.h; path = type_mat4x2.hpp; sourceTree = "<group>"; };
		EF79B44D1F72190A006F8A9F /* type_mat4x2.inl */ = {isa = PBXFileReference; lastKnownFileType = text; path = type_mat4x2.inl; sourceTree = "<group>"; };
		EF79B44E1F72190A006F8A9F /* type_mat4x3.hpp */ = {isa = PBXFileReference; lastKnownFileType = sourcecode.cpp.h; path = type_mat4x3.hpp; sourceTree = "<group>"; };
		EF79B44F1F72190A006F8A9F /* type_mat4x3.inl */ = {isa = PBXFileReference; lastKnownFileType = text; path = type_mat4x3.inl; sourceTree = "<group>"; };
		EF79B4501F72190A006F8A9F /* type_mat4x4.hpp */ = {isa = PBXFileReference; lastKnownFileType = sourcecode.cpp.h; path = type_mat4x4.hpp; sourceTree = "<group>"; };
		EF79B4511F72190A006F8A9F /* type_mat4x4.inl */ = {isa = PBXFileReference; lastKnownFileType = text; path = type_mat4x4.inl; sourceTree = "<group>"; };
		EF79B4521F72190A006F8A9F /* type_vec.hpp */ = {isa = PBXFileReference; lastKnownFileType = sourcecode.cpp.h; path = type_vec.hpp; sourceTree = "<group>"; };
		EF79B4531F72190A006F8A9F /* type_vec.inl */ = {isa = PBXFileReference; lastKnownFileType = text; path = type_vec.inl; sourceTree = "<group>"; };
		EF79B4541F72190A006F8A9F /* type_vec1.hpp */ = {isa = PBXFileReference; lastKnownFileType = sourcecode.cpp.h; path = type_vec1.hpp; sourceTree = "<group>"; };
		EF79B4551F72190A006F8A9F /* type_vec1.inl */ = {isa = PBXFileReference; lastKnownFileType = text; path = type_vec1.inl; sourceTree = "<group>"; };
		EF79B4561F72190A006F8A9F /* type_vec2.hpp */ = {isa = PBXFileReference; lastKnownFileType = sourcecode.cpp.h; path = type_vec2.hpp; sourceTree = "<group>"; };
		EF79B4571F72190A006F8A9F /* type_vec2.inl */ = {isa = PBXFileReference; lastKnownFileType = text; path = type_vec2.inl; sourceTree = "<group>"; };
		EF79B4581F72190A006F8A9F /* type_vec3.hpp */ = {isa = PBXFileReference; lastKnownFileType = sourcecode.cpp.h; path = type_vec3.hpp; sourceTree = "<group>"; };
		EF79B4591F72190A006F8A9F /* type_vec3.inl */ = {isa = PBXFileReference; lastKnownFileType = text; path = type_vec3.inl; sourceTree = "<group>"; };
		EF79B45A1F72190A006F8A9F /* type_vec4.hpp */ = {isa = PBXFileReference; lastKnownFileType = sourcecode.cpp.h; path = type_vec4.hpp; sourceTree = "<group>"; };
		EF79B45B1F72190A006F8A9F /* type_vec4.inl */ = {isa = PBXFileReference; lastKnownFileType = text; path = type_vec4.inl; sourceTree = "<group>"; };
		EF79B45C1F72190A006F8A9F /* exponential.hpp */ = {isa = PBXFileReference; lastKnownFileType = sourcecode.cpp.h; path = exponential.hpp; sourceTree = "<group>"; };
		EF79B45D1F72190A006F8A9F /* ext.hpp */ = {isa = PBXFileReference; lastKnownFileType = sourcecode.cpp.h; path = ext.hpp; sourceTree = "<group>"; };
		EF79B45E1F72190A006F8A9F /* fwd.hpp */ = {isa = PBXFileReference; lastKnownFileType = sourcecode.cpp.h; path = fwd.hpp; sourceTree = "<group>"; };
		EF79B45F1F72190A006F8A9F /* geometric.hpp */ = {isa = PBXFileReference; lastKnownFileType = sourcecode.cpp.h; path = geometric.hpp; sourceTree = "<group>"; };
		EF79B4601F72190A006F8A9F /* glm.hpp */ = {isa = PBXFileReference; lastKnownFileType = sourcecode.cpp.h; path = glm.hpp; sourceTree = "<group>"; };
		EF79B4621F72190A006F8A9F /* constants.hpp */ = {isa = PBXFileReference; lastKnownFileType = sourcecode.cpp.h; path = constants.hpp; sourceTree = "<group>"; };
		EF79B4631F72190A006F8A9F /* constants.inl */ = {isa = PBXFileReference; lastKnownFileType = text; path = constants.inl; sourceTree = "<group>"; };
		EF79B4641F72190A006F8A9F /* epsilon.hpp */ = {isa = PBXFileReference; lastKnownFileType = sourcecode.cpp.h; path = epsilon.hpp; sourceTree = "<group>"; };
		EF79B4651F72190A006F8A9F /* epsilon.inl */ = {isa = PBXFileReference; lastKnownFileType = text; path = epsilon.inl; sourceTree = "<group>"; };
		EF79B4661F72190A006F8A9F /* matrix_access.hpp */ = {isa = PBXFileReference; lastKnownFileType = sourcecode.cpp.h; path = matrix_access.hpp; sourceTree = "<group>"; };
		EF79B4671F72190A006F8A9F /* matrix_access.inl */ = {isa = PBXFileReference; lastKnownFileType = text; path = matrix_access.inl; sourceTree = "<group>"; };
		EF79B4681F72190A006F8A9F /* matrix_integer.hpp */ = {isa = PBXFileReference; lastKnownFileType = sourcecode.cpp.h; path = matrix_integer.hpp; sourceTree = "<group>"; };
		EF79B4691F72190A006F8A9F /* matrix_inverse.hpp */ = {isa = PBXFileReference; lastKnownFileType = sourcecode.cpp.h; path = matrix_inverse.hpp; sourceTree = "<group>"; };
		EF79B46A1F72190A006F8A9F /* matrix_inverse.inl */ = {isa = PBXFileReference; lastKnownFileType = text; path = matrix_inverse.inl; sourceTree = "<group>"; };
		EF79B46B1F72190A006F8A9F /* matrix_transform.hpp */ = {isa = PBXFileReference; lastKnownFileType = sourcecode.cpp.h; path = matrix_transform.hpp; sourceTree = "<group>"; };
		EF79B46C1F72190A006F8A9F /* matrix_transform.inl */ = {isa = PBXFileReference; lastKnownFileType = text; path = matrix_transform.inl; sourceTree = "<group>"; };
		EF79B46D1F72190A006F8A9F /* noise.hpp */ = {isa = PBXFileReference; lastKnownFileType = sourcecode.cpp.h; path = noise.hpp; sourceTree = "<group>"; };
		EF79B46E1F72190A006F8A9F /* noise.inl */ = {isa = PBXFileReference; lastKnownFileType = text; path = noise.inl; sourceTree = "<group>"; };
		EF79B46F1F72190A006F8A9F /* packing.hpp */ = {isa = PBXFileReference; lastKnownFileType = sourcecode.cpp.h; path = packing.hpp; sourceTree = "<group>"; };
		EF79B4701F72190A006F8A9F /* packing.inl */ = {isa = PBXFileReference; lastKnownFileType = text; path = packing.inl; sourceTree = "<group>"; };
		EF79B4711F72190A006F8A9F /* quaternion.hpp */ = {isa = PBXFileReference; lastKnownFileType = sourcecode.cpp.h; path = quaternion.hpp; sourceTree = "<group>"; };
		EF79B4721F72190A006F8A9F /* quaternion.inl */ = {isa = PBXFileReference; lastKnownFileType = text; path = quaternion.inl; sourceTree = "<group>"; };
		EF79B4731F72190A006F8A9F /* random.hpp */ = {isa = PBXFileReference; lastKnownFileType = sourcecode.cpp.h; path = random.hpp; sourceTree = "<group>"; };
		EF79B4741F72190A006F8A9F /* random.inl */ = {isa = PBXFileReference; lastKnownFileType = text; path = random.inl; sourceTree = "<group>"; };
		EF79B4751F72190A006F8A9F /* reciprocal.hpp */ = {isa = PBXFileReference; lastKnownFileType = sourcecode.cpp.h; path = reciprocal.hpp; sourceTree = "<group>"; };
		EF79B4761F72190A006F8A9F /* reciprocal.inl */ = {isa = PBXFileReference; lastKnownFileType = text; path = reciprocal.inl; sourceTree = "<group>"; };
		EF79B4771F72190A006F8A9F /* type_precision.hpp */ = {isa = PBXFileReference; lastKnownFileType = sourcecode.cpp.h; path = type_precision.hpp; sourceTree = "<group>"; };
		EF79B4781F72190A006F8A9F /* type_precision.inl */ = {isa = PBXFileReference; lastKnownFileType = text; path = type_precision.inl; sourceTree = "<group>"; };
		EF79B4791F72190A006F8A9F /* type_ptr.hpp */ = {isa = PBXFileReference; lastKnownFileType = sourcecode.cpp.h; path = type_ptr.hpp; sourceTree = "<group>"; };
		EF79B47A1F72190A006F8A9F /* type_ptr.inl */ = {isa = PBXFileReference; lastKnownFileType = text; path = type_ptr.inl; sourceTree = "<group>"; };
		EF79B47B1F72190A006F8A9F /* ulp.hpp */ = {isa = PBXFileReference; lastKnownFileType = sourcecode.cpp.h; path = ulp.hpp; sourceTree = "<group>"; };
		EF79B47C1F72190A006F8A9F /* ulp.inl */ = {isa = PBXFileReference; lastKnownFileType = text; path = ulp.inl; sourceTree = "<group>"; };
		EF79B47E1F72190A006F8A9F /* associated_min_max.hpp */ = {isa = PBXFileReference; lastKnownFileType = sourcecode.cpp.h; path = associated_min_max.hpp; sourceTree = "<group>"; };
		EF79B47F1F72190A006F8A9F /* associated_min_max.inl */ = {isa = PBXFileReference; lastKnownFileType = text; path = associated_min_max.inl; sourceTree = "<group>"; };
		EF79B4801F72190A006F8A9F /* bit.hpp */ = {isa = PBXFileReference; lastKnownFileType = sourcecode.cpp.h; path = bit.hpp; sourceTree = "<group>"; };
		EF79B4811F72190A006F8A9F /* bit.inl */ = {isa = PBXFileReference; lastKnownFileType = text; path = bit.inl; sourceTree = "<group>"; };
		EF79B4821F72190A006F8A9F /* closest_point.hpp */ = {isa = PBXFileReference; lastKnownFileType = sourcecode.cpp.h; path = closest_point.hpp; sourceTree = "<group>"; };
		EF79B4831F72190A006F8A9F /* closest_point.inl */ = {isa = PBXFileReference; lastKnownFileType = text; path = closest_point.inl; sourceTree = "<group>"; };
		EF79B4841F72190A006F8A9F /* color_space.hpp */ = {isa = PBXFileReference; lastKnownFileType = sourcecode.cpp.h; path = color_space.hpp; sourceTree = "<group>"; };
		EF79B4851F72190A006F8A9F /* color_space.inl */ = {isa = PBXFileReference; lastKnownFileType = text; path = color_space.inl; sourceTree = "<group>"; };
		EF79B4861F72190A006F8A9F /* color_space_YCoCg.hpp */ = {isa = PBXFileReference; lastKnownFileType = sourcecode.cpp.h; path = color_space_YCoCg.hpp; sourceTree = "<group>"; };
		EF79B4871F72190A006F8A9F /* color_space_YCoCg.inl */ = {isa = PBXFileReference; lastKnownFileType = text; path = color_space_YCoCg.inl; sourceTree = "<group>"; };
		EF79B4881F72190A006F8A9F /* compatibility.hpp */ = {isa = PBXFileReference; lastKnownFileType = sourcecode.cpp.h; path = compatibility.hpp; sourceTree = "<group>"; };
		EF79B4891F72190A006F8A9F /* compatibility.inl */ = {isa = PBXFileReference; lastKnownFileType = text; path = compatibility.inl; sourceTree = "<group>"; };
		EF79B48A1F72190A006F8A9F /* component_wise.hpp */ = {isa = PBXFileReference; lastKnownFileType = sourcecode.cpp.h; path = component_wise.hpp; sourceTree = "<group>"; };
		EF79B48B1F72190A006F8A9F /* component_wise.inl */ = {isa = PBXFileReference; lastKnownFileType = text; path = component_wise.inl; sourceTree = "<group>"; };
		EF79B48C1F72190A006F8A9F /* constants.hpp */ = {isa = PBXFileReference; lastKnownFileType = sourcecode.cpp.h; path = constants.hpp; sourceTree = "<group>"; };
		EF79B48D1F72190A006F8A9F /* dual_quaternion.hpp */ = {isa = PBXFileReference; lastKnownFileType = sourcecode.cpp.h; path = dual_quaternion.hpp; sourceTree = "<group>"; };
		EF79B48E1F72190A006F8A9F /* dual_quaternion.inl */ = {isa = PBXFileReference; lastKnownFileType = text; path = dual_quaternion.inl; sourceTree = "<group>"; };
		EF79B48F1F72190A006F8A9F /* epsilon.hpp */ = {isa = PBXFileReference; lastKnownFileType = sourcecode.cpp.h; path = epsilon.hpp; sourceTree = "<group>"; };
		EF79B4901F72190A006F8A9F /* euler_angles.hpp */ = {isa = PBXFileReference; lastKnownFileType = sourcecode.cpp.h; path = euler_angles.hpp; sourceTree = "<group>"; };
		EF79B4911F72190A006F8A9F /* euler_angles.inl */ = {isa = PBXFileReference; lastKnownFileType = text; path = euler_angles.inl; sourceTree = "<group>"; };
		EF79B4921F72190A006F8A9F /* extend.hpp */ = {isa = PBXFileReference; lastKnownFileType = sourcecode.cpp.h; path = extend.hpp; sourceTree = "<group>"; };
		EF79B4931F72190A006F8A9F /* extend.inl */ = {isa = PBXFileReference; lastKnownFileType = text; path = extend.inl; sourceTree = "<group>"; };
		EF79B4941F72190A006F8A9F /* extented_min_max.hpp */ = {isa = PBXFileReference; lastKnownFileType = sourcecode.cpp.h; path = extented_min_max.hpp; sourceTree = "<group>"; };
		EF79B4951F72190A006F8A9F /* extented_min_max.inl */ = {isa = PBXFileReference; lastKnownFileType = text; path = extented_min_max.inl; sourceTree = "<group>"; };
		EF79B4961F72190A006F8A9F /* fast_exponential.hpp */ = {isa = PBXFileReference; lastKnownFileType = sourcecode.cpp.h; path = fast_exponential.hpp; sourceTree = "<group>"; };
		EF79B4971F72190A006F8A9F /* fast_exponential.inl */ = {isa = PBXFileReference; lastKnownFileType = text; path = fast_exponential.inl; sourceTree = "<group>"; };
		EF79B4981F72190A006F8A9F /* fast_square_root.hpp */ = {isa = PBXFileReference; lastKnownFileType = sourcecode.cpp.h; path = fast_square_root.hpp; sourceTree = "<group>"; };
		EF79B4991F72190A006F8A9F /* fast_square_root.inl */ = {isa = PBXFileReference; lastKnownFileType = text; path = fast_square_root.inl; sourceTree = "<group>"; };
		EF79B49A1F72190A006F8A9F /* fast_trigonometry.hpp */ = {isa = PBXFileReference; lastKnownFileType = sourcecode.cpp.h; path = fast_trigonometry.hpp; sourceTree = "<group>"; };
		EF79B49B1F72190A006F8A9F /* fast_trigonometry.inl */ = {isa = PBXFileReference; lastKnownFileType = text; path = fast_trigonometry.inl; sourceTree = "<group>"; };
		EF79B49C1F72190A006F8A9F /* gradient_paint.hpp */ = {isa = PBXFileReference; lastKnownFileType = sourcecode.cpp.h; path = gradient_paint.hpp; sourceTree = "<group>"; };
		EF79B49D1F72190A006F8A9F /* gradient_paint.inl */ = {isa = PBXFileReference; lastKnownFileType = text; path = gradient_paint.inl; sourceTree = "<group>"; };
		EF79B49E1F72190A006F8A9F /* handed_coordinate_space.hpp */ = {isa = PBXFileReference; lastKnownFileType = sourcecode.cpp.h; path = handed_coordinate_space.hpp; sourceTree = "<group>"; };
		EF79B49F1F72190A006F8A9F /* handed_coordinate_space.inl */ = {isa = PBXFileReference; lastKnownFileType = text; path = handed_coordinate_space.inl; sourceTree = "<group>"; };
		EF79B4A01F72190A006F8A9F /* inertia.hpp */ = {isa = PBXFileReference; lastKnownFileType = sourcecode.cpp.h; path = inertia.hpp; sourceTree = "<group>"; };
		EF79B4A11F72190A006F8A9F /* inertia.inl */ = {isa = PBXFileReference; lastKnownFileType = text; path = inertia.inl; sourceTree = "<group>"; };
		EF79B4A21F72190A006F8A9F /* int_10_10_10_2.hpp */ = {isa = PBXFileReference; lastKnownFileType = sourcecode.cpp.h; path = int_10_10_10_2.hpp; sourceTree = "<group>"; };
		EF79B4A31F72190A006F8A9F /* int_10_10_10_2.inl */ = {isa = PBXFileReference; lastKnownFileType = text; path = int_10_10_10_2.inl; sourceTree = "<group>"; };
		EF79B4A41F72190A006F8A9F /* integer.hpp */ = {isa = PBXFileReference; lastKnownFileType = sourcecode.cpp.h; path = integer.hpp; sourceTree = "<group>"; };
		EF79B4A51F72190A006F8A9F /* integer.inl */ = {isa = PBXFileReference; lastKnownFileType = text; path = integer.inl; sourceTree = "<group>"; };
		EF79B4A61F72190A006F8A9F /* intersect.hpp */ = {isa = PBXFileReference; lastKnownFileType = sourcecode.cpp.h; path = intersect.hpp; sourceTree = "<group>"; };
		EF79B4A71F72190A006F8A9F /* intersect.inl */ = {isa = PBXFileReference; lastKnownFileType = text; path = intersect.inl; sourceTree = "<group>"; };
		EF79B4A81F72190A006F8A9F /* io.hpp */ = {isa = PBXFileReference; lastKnownFileType = sourcecode.cpp.h; path = io.hpp; sourceTree = "<group>"; };
		EF79B4A91F72190A006F8A9F /* io.inl */ = {isa = PBXFileReference; lastKnownFileType = text; path = io.inl; sourceTree = "<group>"; };
		EF79B4AA1F72190A006F8A9F /* log_base.hpp */ = {isa = PBXFileReference; lastKnownFileType = sourcecode.cpp.h; path = log_base.hpp; sourceTree = "<group>"; };
		EF79B4AB1F72190A006F8A9F /* log_base.inl */ = {isa = PBXFileReference; lastKnownFileType = text; path = log_base.inl; sourceTree = "<group>"; };
		EF79B4AC1F72190A006F8A9F /* matrix_cross_product.hpp */ = {isa = PBXFileReference; lastKnownFileType = sourcecode.cpp.h; path = matrix_cross_product.hpp; sourceTree = "<group>"; };
		EF79B4AD1F72190A006F8A9F /* matrix_cross_product.inl */ = {isa = PBXFileReference; lastKnownFileType = text; path = matrix_cross_product.inl; sourceTree = "<group>"; };
		EF79B4AE1F72190A006F8A9F /* matrix_interpolation.hpp */ = {isa = PBXFileReference; lastKnownFileType = sourcecode.cpp.h; path = matrix_interpolation.hpp; sourceTree = "<group>"; };
		EF79B4AF1F72190A006F8A9F /* matrix_interpolation.inl */ = {isa = PBXFileReference; lastKnownFileType = text; path = matrix_interpolation.inl; sourceTree = "<group>"; };
		EF79B4B01F72190A006F8A9F /* matrix_major_storage.hpp */ = {isa = PBXFileReference; lastKnownFileType = sourcecode.cpp.h; path = matrix_major_storage.hpp; sourceTree = "<group>"; };
		EF79B4B11F72190A006F8A9F /* matrix_major_storage.inl */ = {isa = PBXFileReference; lastKnownFileType = text; path = matrix_major_storage.inl; sourceTree = "<group>"; };
		EF79B4B21F72190A006F8A9F /* matrix_operation.hpp */ = {isa = PBXFileReference; lastKnownFileType = sourcecode.cpp.h; path = matrix_operation.hpp; sourceTree = "<group>"; };
		EF79B4B31F72190A006F8A9F /* matrix_operation.inl */ = {isa = PBXFileReference; lastKnownFileType = text; path = matrix_operation.inl; sourceTree = "<group>"; };
		EF79B4B41F72190A006F8A9F /* matrix_query.hpp */ = {isa = PBXFileReference; lastKnownFileType = sourcecode.cpp.h; path = matrix_query.hpp; sourceTree = "<group>"; };
		EF79B4B51F72190A006F8A9F /* matrix_query.inl */ = {isa = PBXFileReference; lastKnownFileType = text; path = matrix_query.inl; sourceTree = "<group>"; };
		EF79B4B61F72190A006F8A9F /* matrix_transform_2d.hpp */ = {isa = PBXFileReference; lastKnownFileType = sourcecode.cpp.h; path = matrix_transform_2d.hpp; sourceTree = "<group>"; };
		EF79B4B71F72190A006F8A9F /* matrix_transform_2d.inl */ = {isa = PBXFileReference; lastKnownFileType = text; path = matrix_transform_2d.inl; sourceTree = "<group>"; };
		EF79B4B81F72190A006F8A9F /* mixed_product.hpp */ = {isa = PBXFileReference; lastKnownFileType = sourcecode.cpp.h; path = mixed_product.hpp; sourceTree = "<group>"; };
		EF79B4B91F72190A006F8A9F /* mixed_product.inl */ = {isa = PBXFileReference; lastKnownFileType = text; path = mixed_product.inl; sourceTree = "<group>"; };
		EF79B4BA1F72190A006F8A9F /* multiple.hpp */ = {isa = PBXFileReference; lastKnownFileType = sourcecode.cpp.h; path = multiple.hpp; sourceTree = "<group>"; };
		EF79B4BB1F72190A006F8A9F /* multiple.inl */ = {isa = PBXFileReference; lastKnownFileType = text; path = multiple.inl; sourceTree = "<group>"; };
		EF79B4BC1F72190A006F8A9F /* noise.hpp */ = {isa = PBXFileReference; lastKnownFileType = sourcecode.cpp.h; path = noise.hpp; sourceTree = "<group>"; };
		EF79B4BD1F72190A006F8A9F /* norm.hpp */ = {isa = PBXFileReference; lastKnownFileType = sourcecode.cpp.h; path = norm.hpp; sourceTree = "<group>"; };
		EF79B4BE1F72190A006F8A9F /* norm.inl */ = {isa = PBXFileReference; lastKnownFileType = text; path = norm.inl; sourceTree = "<group>"; };
		EF79B4BF1F72190A006F8A9F /* normal.hpp */ = {isa = PBXFileReference; lastKnownFileType = sourcecode.cpp.h; path = normal.hpp; sourceTree = "<group>"; };
		EF79B4C01F72190A006F8A9F /* normal.inl */ = {isa = PBXFileReference; lastKnownFileType = text; path = normal.inl; sourceTree = "<group>"; };
		EF79B4C11F72190A006F8A9F /* normalize_dot.hpp */ = {isa = PBXFileReference; lastKnownFileType = sourcecode.cpp.h; path = normalize_dot.hpp; sourceTree = "<group>"; };
		EF79B4C21F72190A006F8A9F /* normalize_dot.inl */ = {isa = PBXFileReference; lastKnownFileType = text; path = normalize_dot.inl; sourceTree = "<group>"; };
		EF79B4C31F72190A006F8A9F /* number_precision.hpp */ = {isa = PBXFileReference; lastKnownFileType = sourcecode.cpp.h; path = number_precision.hpp; sourceTree = "<group>"; };
		EF79B4C41F72190A006F8A9F /* number_precision.inl */ = {isa = PBXFileReference; lastKnownFileType = text; path = number_precision.inl; sourceTree = "<group>"; };
		EF79B4C51F72190A006F8A9F /* optimum_pow.hpp */ = {isa = PBXFileReference; lastKnownFileType = sourcecode.cpp.h; path = optimum_pow.hpp; sourceTree = "<group>"; };
		EF79B4C61F72190A006F8A9F /* optimum_pow.inl */ = {isa = PBXFileReference; lastKnownFileType = text; path = optimum_pow.inl; sourceTree = "<group>"; };
		EF79B4C71F72190A006F8A9F /* orthonormalize.hpp */ = {isa = PBXFileReference; lastKnownFileType = sourcecode.cpp.h; path = orthonormalize.hpp; sourceTree = "<group>"; };
		EF79B4C81F72190A006F8A9F /* orthonormalize.inl */ = {isa = PBXFileReference; lastKnownFileType = text; path = orthonormalize.inl; sourceTree = "<group>"; };
		EF79B4C91F72190A006F8A9F /* perpendicular.hpp */ = {isa = PBXFileReference; lastKnownFileType = sourcecode.cpp.h; path = perpendicular.hpp; sourceTree = "<group>"; };
		EF79B4CA1F72190A006F8A9F /* perpendicular.inl */ = {isa = PBXFileReference; lastKnownFileType = text; path = perpendicular.inl; sourceTree = "<group>"; };
		EF79B4CB1F72190A006F8A9F /* polar_coordinates.hpp */ = {isa = PBXFileReference; lastKnownFileType = sourcecode.cpp.h; path = polar_coordinates.hpp; sourceTree = "<group>"; };
		EF79B4CC1F72190A006F8A9F /* polar_coordinates.inl */ = {isa = PBXFileReference; lastKnownFileType = text; path = polar_coordinates.inl; sourceTree = "<group>"; };
		EF79B4CD1F72190A006F8A9F /* projection.hpp */ = {isa = PBXFileReference; lastKnownFileType = sourcecode.cpp.h; path = projection.hpp; sourceTree = "<group>"; };
		EF79B4CE1F72190A006F8A9F /* projection.inl */ = {isa = PBXFileReference; lastKnownFileType = text; path = projection.inl; sourceTree = "<group>"; };
		EF79B4CF1F72190A006F8A9F /* quaternion.hpp */ = {isa = PBXFileReference; lastKnownFileType = sourcecode.cpp.h; path = quaternion.hpp; sourceTree = "<group>"; };
		EF79B4D01F72190A006F8A9F /* quaternion.inl */ = {isa = PBXFileReference; lastKnownFileType = text; path = quaternion.inl; sourceTree = "<group>"; };
		EF79B4D11F72190A006F8A9F /* random.hpp */ = {isa = PBXFileReference; lastKnownFileType = sourcecode.cpp.h; path = random.hpp; sourceTree = "<group>"; };
		EF79B4D21F72190A006F8A9F /* raw_data.hpp */ = {isa = PBXFileReference; lastKnownFileType = sourcecode.cpp.h; path = raw_data.hpp; sourceTree = "<group>"; };
		EF79B4D31F72190A006F8A9F /* raw_data.inl */ = {isa = PBXFileReference; lastKnownFileType = text; path = raw_data.inl; sourceTree = "<group>"; };
		EF79B4D41F72190A006F8A9F /* reciprocal.hpp */ = {isa = PBXFileReference; lastKnownFileType = sourcecode.cpp.h; path = reciprocal.hpp; sourceTree = "<group>"; };
		EF79B4D51F72190A006F8A9F /* rotate_normalized_axis.hpp */ = {isa = PBXFileReference; lastKnownFileType = sourcecode.cpp.h; path = rotate_normalized_axis.hpp; sourceTree = "<group>"; };
		EF79B4D61F72190A006F8A9F /* rotate_normalized_axis.inl */ = {isa = PBXFileReference; lastKnownFileType = text; path = rotate_normalized_axis.inl; sourceTree = "<group>"; };
		EF79B4D71F72190A006F8A9F /* rotate_vector.hpp */ = {isa = PBXFileReference; lastKnownFileType = sourcecode.cpp.h; path = rotate_vector.hpp; sourceTree = "<group>"; };
		EF79B4D81F72190A006F8A9F /* rotate_vector.inl */ = {isa = PBXFileReference; lastKnownFileType = text; path = rotate_vector.inl; sourceTree = "<group>"; };
		EF79B4D91F72190A006F8A9F /* scalar_relational.hpp */ = {isa = PBXFileReference; lastKnownFileType = sourcecode.cpp.h; path = scalar_relational.hpp; sourceTree = "<group>"; };
		EF79B4DA1F72190A006F8A9F /* scalar_relational.inl */ = {isa = PBXFileReference; lastKnownFileType = text; path = scalar_relational.inl; sourceTree = "<group>"; };
		EF79B4DB1F72190A006F8A9F /* simd_mat4.hpp */ = {isa = PBXFileReference; lastKnownFileType = sourcecode.cpp.h; path = simd_mat4.hpp; sourceTree = "<group>"; };
		EF79B4DC1F72190A006F8A9F /* simd_mat4.inl */ = {isa = PBXFileReference; lastKnownFileType = text; path = simd_mat4.inl; sourceTree = "<group>"; };
		EF79B4DD1F72190A006F8A9F /* simd_quat.hpp */ = {isa = PBXFileReference; lastKnownFileType = sourcecode.cpp.h; path = simd_quat.hpp; sourceTree = "<group>"; };
		EF79B4DE1F72190A006F8A9F /* simd_quat.inl */ = {isa = PBXFileReference; lastKnownFileType = text; path = simd_quat.inl; sourceTree = "<group>"; };
		EF79B4DF1F72190A006F8A9F /* simd_vec4.hpp */ = {isa = PBXFileReference; lastKnownFileType = sourcecode.cpp.h; path = simd_vec4.hpp; sourceTree = "<group>"; };
		EF79B4E01F72190A006F8A9F /* simd_vec4.inl */ = {isa = PBXFileReference; lastKnownFileType = text; path = simd_vec4.inl; sourceTree = "<group>"; };
		EF79B4E11F72190A006F8A9F /* spline.hpp */ = {isa = PBXFileReference; lastKnownFileType = sourcecode.cpp.h; path = spline.hpp; sourceTree = "<group>"; };
		EF79B4E21F72190A006F8A9F /* spline.inl */ = {isa = PBXFileReference; lastKnownFileType = text; path = spline.inl; sourceTree = "<group>"; };
		EF79B4E31F72190A006F8A9F /* std_based_type.hpp */ = {isa = PBXFileReference; lastKnownFileType = sourcecode.cpp.h; path = std_based_type.hpp; sourceTree = "<group>"; };
		EF79B4E41F72190A006F8A9F /* std_based_type.inl */ = {isa = PBXFileReference; lastKnownFileType = text; path = std_based_type.inl; sourceTree = "<group>"; };
		EF79B4E51F72190A006F8A9F /* string_cast.hpp */ = {isa = PBXFileReference; lastKnownFileType = sourcecode.cpp.h; path = string_cast.hpp; sourceTree = "<group>"; };
		EF79B4E61F72190A006F8A9F /* string_cast.inl */ = {isa = PBXFileReference; lastKnownFileType = text; path = string_cast.inl; sourceTree = "<group>"; };
		EF79B4E71F72190A006F8A9F /* transform.hpp */ = {isa = PBXFileReference; lastKnownFileType = sourcecode.cpp.h; path = transform.hpp; sourceTree = "<group>"; };
		EF79B4E81F72190A006F8A9F /* transform.inl */ = {isa = PBXFileReference; lastKnownFileType = text; path = transform.inl; sourceTree = "<group>"; };
		EF79B4E91F72190A006F8A9F /* transform2.hpp */ = {isa = PBXFileReference; lastKnownFileType = sourcecode.cpp.h; path = transform2.hpp; sourceTree = "<group>"; };
		EF79B4EA1F72190A006F8A9F /* transform2.inl */ = {isa = PBXFileReference; lastKnownFileType = text; path = transform2.inl; sourceTree = "<group>"; };
		EF79B4EB1F72190A006F8A9F /* ulp.hpp */ = {isa = PBXFileReference; lastKnownFileType = sourcecode.cpp.h; path = ulp.hpp; sourceTree = "<group>"; };
		EF79B4EC1F72190A006F8A9F /* unsigned_int.hpp */ = {isa = PBXFileReference; lastKnownFileType = sourcecode.cpp.h; path = unsigned_int.hpp; sourceTree = "<group>"; };
		EF79B4ED1F72190A006F8A9F /* unsigned_int.inl */ = {isa = PBXFileReference; lastKnownFileType = text; path = unsigned_int.inl; sourceTree = "<group>"; };
		EF79B4EE1F72190A006F8A9F /* vec1.hpp */ = {isa = PBXFileReference; lastKnownFileType = sourcecode.cpp.h; path = vec1.hpp; sourceTree = "<group>"; };
		EF79B4EF1F72190A006F8A9F /* vec1.inl */ = {isa = PBXFileReference; lastKnownFileType = text; path = vec1.inl; sourceTree = "<group>"; };
		EF79B4F01F72190A006F8A9F /* vector_angle.hpp */ = {isa = PBXFileReference; lastKnownFileType = sourcecode.cpp.h; path = vector_angle.hpp; sourceTree = "<group>"; };
		EF79B4F11F72190A006F8A9F /* vector_angle.inl */ = {isa = PBXFileReference; lastKnownFileType = text; path = vector_angle.inl; sourceTree = "<group>"; };
		EF79B4F21F72190A006F8A9F /* vector_query.hpp */ = {isa = PBXFileReference; lastKnownFileType = sourcecode.cpp.h; path = vector_query.hpp; sourceTree = "<group>"; };
		EF79B4F31F72190A006F8A9F /* vector_query.inl */ = {isa = PBXFileReference; lastKnownFileType = text; path = vector_query.inl; sourceTree = "<group>"; };
		EF79B4F41F72190A006F8A9F /* wrap.hpp */ = {isa = PBXFileReference; lastKnownFileType = sourcecode.cpp.h; path = wrap.hpp; sourceTree = "<group>"; };
		EF79B4F51F72190A006F8A9F /* wrap.inl */ = {isa = PBXFileReference; lastKnownFileType = text; path = wrap.inl; sourceTree = "<group>"; };
		EF79B4F61F72190A006F8A9F /* integer.hpp */ = {isa = PBXFileReference; lastKnownFileType = sourcecode.cpp.h; path = integer.hpp; sourceTree = "<group>"; };
		EF79B4F71F72190A006F8A9F /* mat2x2.hpp */ = {isa = PBXFileReference; lastKnownFileType = sourcecode.cpp.h; path = mat2x2.hpp; sourceTree = "<group>"; };
		EF79B4F81F72190A006F8A9F /* mat2x3.hpp */ = {isa = PBXFileReference; lastKnownFileType = sourcecode.cpp.h; path = mat2x3.hpp; sourceTree = "<group>"; };
		EF79B4F91F72190A006F8A9F /* mat2x4.hpp */ = {isa = PBXFileReference; lastKnownFileType = sourcecode.cpp.h; path = mat2x4.hpp; sourceTree = "<group>"; };
		EF79B4FA1F72190A006F8A9F /* mat3x2.hpp */ = {isa = PBXFileReference; lastKnownFileType = sourcecode.cpp.h; path = mat3x2.hpp; sourceTree = "<group>"; };
		EF79B4FB1F72190A006F8A9F /* mat3x3.hpp */ = {isa = PBXFileReference; lastKnownFileType = sourcecode.cpp.h; path = mat3x3.hpp; sourceTree = "<group>"; };
		EF79B4FC1F72190A006F8A9F /* mat3x4.hpp */ = {isa = PBXFileReference; lastKnownFileType = sourcecode.cpp.h; path = mat3x4.hpp; sourceTree = "<group>"; };
		EF79B4FD1F72190A006F8A9F /* mat4x2.hpp */ = {isa = PBXFileReference; lastKnownFileType = sourcecode.cpp.h; path = mat4x2.hpp; sourceTree = "<group>"; };
		EF79B4FE1F72190A006F8A9F /* mat4x3.hpp */ = {isa = PBXFileReference; lastKnownFileType = sourcecode.cpp.h; path = mat4x3.hpp; sourceTree = "<group>"; };
		EF79B4FF1F72190A006F8A9F /* mat4x4.hpp */ = {isa = PBXFileReference; lastKnownFileType = sourcecode.cpp.h; path = mat4x4.hpp; sourceTree = "<group>"; };
		EF79B5001F72190A006F8A9F /* matrix.hpp */ = {isa = PBXFileReference; lastKnownFileType = sourcecode.cpp.h; path = matrix.hpp; sourceTree = "<group>"; };
		EF79B5011F72190A006F8A9F /* packing.hpp */ = {isa = PBXFileReference; lastKnownFileType = sourcecode.cpp.h; path = packing.hpp; sourceTree = "<group>"; };
		EF79B5021F72190A006F8A9F /* trigonometric.hpp */ = {isa = PBXFileReference; lastKnownFileType = sourcecode.cpp.h; path = trigonometric.hpp; sourceTree = "<group>"; };
		EF79B5031F72190A006F8A9F /* vec2.hpp */ = {isa = PBXFileReference; lastKnownFileType = sourcecode.cpp.h; path = vec2.hpp; sourceTree = "<group>"; };
		EF79B5041F72190A006F8A9F /* vec3.hpp */ = {isa = PBXFileReference; lastKnownFileType = sourcecode.cpp.h; path = vec3.hpp; sourceTree = "<group>"; };
		EF79B5051F72190A006F8A9F /* vec4.hpp */ = {isa = PBXFileReference; lastKnownFileType = sourcecode.cpp.h; path = vec4.hpp; sourceTree = "<group>"; };
		EF79B5061F72190A006F8A9F /* vector_relational.hpp */ = {isa = PBXFileReference; lastKnownFileType = sourcecode.cpp.h; path = vector_relational.hpp; sourceTree = "<group>"; };
		EF79B5071F7238EC006F8A9F /* 5.1.transform.vert */ = {isa = PBXFileReference; lastKnownFileType = sourcecode.glsl; path = 5.1.transform.vert; sourceTree = "<group>"; };
		EF79B5081F7238FA006F8A9F /* 5.1.transform.frag */ = {isa = PBXFileReference; lastKnownFileType = sourcecode.glsl; path = 5.1.transform.frag; sourceTree = "<group>"; };
		EF79B5091F723974006F8A9F /* transformations.cpp */ = {isa = PBXFileReference; lastKnownFileType = sourcecode.cpp.cpp; path = transformations.cpp; sourceTree = "<group>"; };
		EF79B50A1F723974006F8A9F /* transformations.hpp */ = {isa = PBXFileReference; lastKnownFileType = sourcecode.cpp.h; path = transformations.hpp; sourceTree = "<group>"; };
		EF79B50F1F72486E006F8A9F /* 6.1.coordinate_systems.vert */ = {isa = PBXFileReference; lastKnownFileType = sourcecode.glsl; path = 6.1.coordinate_systems.vert; sourceTree = "<group>"; };
		EF79B5101F724879006F8A9F /* 6.1.coordinate_systems.frag */ = {isa = PBXFileReference; lastKnownFileType = sourcecode.glsl; path = 6.1.coordinate_systems.frag; sourceTree = "<group>"; };
		EF79B5111F724F50006F8A9F /* coordinate_systems.cpp */ = {isa = PBXFileReference; fileEncoding = 4; lastKnownFileType = sourcecode.cpp.cpp; path = coordinate_systems.cpp; sourceTree = "<group>"; };
		EF79B5121F724F50006F8A9F /* coordinate_systems.hpp */ = {isa = PBXFileReference; fileEncoding = 4; lastKnownFileType = sourcecode.cpp.h; path = coordinate_systems.hpp; sourceTree = "<group>"; };
		EF79B5141F725824006F8A9F /* coordinate_systems_depth.cpp */ = {isa = PBXFileReference; lastKnownFileType = sourcecode.cpp.cpp; path = coordinate_systems_depth.cpp; sourceTree = "<group>"; };
		EF79B5151F725824006F8A9F /* coordinate_systems_depth.hpp */ = {isa = PBXFileReference; lastKnownFileType = sourcecode.cpp.h; path = coordinate_systems_depth.hpp; sourceTree = "<group>"; };
		EF79B5171F725853006F8A9F /* 6.2.coordinate_systems.vert */ = {isa = PBXFileReference; lastKnownFileType = sourcecode.glsl; path = 6.2.coordinate_systems.vert; sourceTree = "<group>"; };
		EF79B5181F725863006F8A9F /* 6.2.coordinate_systems.frag */ = {isa = PBXFileReference; lastKnownFileType = sourcecode.glsl; path = 6.2.coordinate_systems.frag; sourceTree = "<group>"; };
		EF79B5191F7260C9006F8A9F /* container.jpg */ = {isa = PBXFileReference; lastKnownFileType = image.jpeg; path = container.jpg; sourceTree = "<group>"; };
		EF7AC18D1F70A67000AD327C /* stb_image.cpp */ = {isa = PBXFileReference; fileEncoding = 4; lastKnownFileType = sourcecode.cpp.cpp; path = stb_image.cpp; sourceTree = "<group>"; };
		EF7AC18F1F70A67800AD327C /* wall.jpg */ = {isa = PBXFileReference; lastKnownFileType = image.jpeg; path = wall.jpg; sourceTree = "<group>"; };
		EF7AC1901F70A73E00AD327C /* triangle.cpp */ = {isa = PBXFileReference; fileEncoding = 4; lastKnownFileType = sourcecode.cpp.cpp; path = triangle.cpp; sourceTree = "<group>"; };
		EF7AC1911F70A73E00AD327C /* triangle.hpp */ = {isa = PBXFileReference; fileEncoding = 4; lastKnownFileType = sourcecode.cpp.h; path = triangle.hpp; sourceTree = "<group>"; };
		EF7AC1931F70A9D100AD327C /* base.cpp */ = {isa = PBXFileReference; fileEncoding = 4; lastKnownFileType = sourcecode.cpp.cpp; path = base.cpp; sourceTree = "<group>"; };
		EF7AC1941F70A9D100AD327C /* base.hpp */ = {isa = PBXFileReference; fileEncoding = 4; lastKnownFileType = sourcecode.cpp.h; path = base.hpp; sourceTree = "<group>"; };
		EF7AC1961F70C24500AD327C /* awesomeface.png */ = {isa = PBXFileReference; lastKnownFileType = image.png; path = awesomeface.png; sourceTree = "<group>"; };
		EF7AC1971F70C44A00AD327C /* textures.cpp */ = {isa = PBXFileReference; fileEncoding = 4; lastKnownFileType = sourcecode.cpp.cpp; path = textures.cpp; sourceTree = "<group>"; };
		EF7AC1981F70C44A00AD327C /* textures.hpp */ = {isa = PBXFileReference; fileEncoding = 4; lastKnownFileType = sourcecode.cpp.h; path = textures.hpp; sourceTree = "<group>"; };
		EF7AC19A1F70C48E00AD327C /* 4.1.texture.vert */ = {isa = PBXFileReference; fileEncoding = 4; lastKnownFileType = sourcecode.glsl; path = 4.1.texture.vert; sourceTree = "<group>"; };
		EF7AC19B1F70C49D00AD327C /* 4.1.texture.frag */ = {isa = PBXFileReference; fileEncoding = 4; lastKnownFileType = sourcecode.glsl; path = 4.1.texture.frag; sourceTree = "<group>"; };
		EFB02EC51F788BFF007CBE0E /* container2_specular.png */ = {isa = PBXFileReference; lastKnownFileType = image.png; path = container2_specular.png; sourceTree = "<group>"; };
		EFB02EC61F788C86007CBE0E /* lighting_maps_specular.cpp */ = {isa = PBXFileReference; fileEncoding = 4; lastKnownFileType = sourcecode.cpp.cpp; path = lighting_maps_specular.cpp; sourceTree = "<group>"; };
		EFB02EC71F788C86007CBE0E /* lighting_maps_specular.hpp */ = {isa = PBXFileReference; fileEncoding = 4; lastKnownFileType = sourcecode.cpp.h; path = lighting_maps_specular.hpp; sourceTree = "<group>"; };
		EFB02EC91F788CEA007CBE0E /* 4.2.lighting_maps.vert */ = {isa = PBXFileReference; fileEncoding = 4; lastKnownFileType = sourcecode.glsl; path = 4.2.lighting_maps.vert; sourceTree = "<group>"; };
		EFB02ECA1F788CF9007CBE0E /* 4.2.lighting_maps.frag */ = {isa = PBXFileReference; fileEncoding = 4; lastKnownFileType = sourcecode.glsl; path = 4.2.lighting_maps.frag; sourceTree = "<group>"; };
		EFB02ECB1F788D20007CBE0E /* 4.2.lamp.vert */ = {isa = PBXFileReference; fileEncoding = 4; lastKnownFileType = sourcecode.glsl; path = 4.2.lamp.vert; sourceTree = "<group>"; };
		EFB02ECC1F788D28007CBE0E /* 4.2.lamp.frag */ = {isa = PBXFileReference; fileEncoding = 4; lastKnownFileType = sourcecode.glsl; path = 4.2.lamp.frag; sourceTree = "<group>"; };
		EFB02ECD1F78A282007CBE0E /* light_casters_directional.cpp */ = {isa = PBXFileReference; fileEncoding = 4; lastKnownFileType = sourcecode.cpp.cpp; path = light_casters_directional.cpp; sourceTree = "<group>"; };
		EFB02ECE1F78A282007CBE0E /* light_casters_directional.hpp */ = {isa = PBXFileReference; fileEncoding = 4; lastKnownFileType = sourcecode.cpp.h; path = light_casters_directional.hpp; sourceTree = "<group>"; };
		EFB02ED01F78A299007CBE0E /* 5.1.light_casters.vert */ = {isa = PBXFileReference; fileEncoding = 4; lastKnownFileType = sourcecode.glsl; path = 5.1.light_casters.vert; sourceTree = "<group>"; };
		EFB02ED11F78A2A4007CBE0E /* 5.1.light_casters.frag */ = {isa = PBXFileReference; fileEncoding = 4; lastKnownFileType = sourcecode.glsl; path = 5.1.light_casters.frag; sourceTree = "<group>"; };
		EFB02ED21F78A2EB007CBE0E /* 5.1.lamp.vert */ = {isa = PBXFileReference; fileEncoding = 4; lastKnownFileType = sourcecode.glsl; path = 5.1.lamp.vert; sourceTree = "<group>"; };
		EFB02ED31F78A2F2007CBE0E /* 5.1.lamp.frag */ = {isa = PBXFileReference; fileEncoding = 4; lastKnownFileType = sourcecode.glsl; path = 5.1.lamp.frag; sourceTree = "<group>"; };
		EFB02ED41F78D27F007CBE0E /* 6.lamp.vert */ = {isa = PBXFileReference; fileEncoding = 4; lastKnownFileType = sourcecode.glsl; path = 6.lamp.vert; sourceTree = "<group>"; };
		EFB02ED51F78D295007CBE0E /* 6.lamp.frag */ = {isa = PBXFileReference; fileEncoding = 4; lastKnownFileType = sourcecode.glsl; path = 6.lamp.frag; sourceTree = "<group>"; };
		EFB02ED61F78D2AA007CBE0E /* 6.multiple_lights.vert */ = {isa = PBXFileReference; fileEncoding = 4; lastKnownFileType = sourcecode.glsl; path = 6.multiple_lights.vert; sourceTree = "<group>"; };
		EFB02ED71F78D2B2007CBE0E /* 6.multiple_lights.frag */ = {isa = PBXFileReference; fileEncoding = 4; lastKnownFileType = sourcecode.glsl; path = 6.multiple_lights.frag; sourceTree = "<group>"; };
		EFB02ED81F78D329007CBE0E /* multiple_lights.cpp */ = {isa = PBXFileReference; fileEncoding = 4; lastKnownFileType = sourcecode.cpp.cpp; path = multiple_lights.cpp; sourceTree = "<group>"; };
		EFB02ED91F78D329007CBE0E /* multiple_lights.hpp */ = {isa = PBXFileReference; fileEncoding = 4; lastKnownFileType = sourcecode.cpp.h; path = multiple_lights.hpp; sourceTree = "<group>"; };
		EFB02EDB1F78E519007CBE0E /* libassimp.4.0.1.dylib */ = {isa = PBXFileReference; lastKnownFileType = "compiled.mach-o.dylib"; name = libassimp.4.0.1.dylib; path = ../../../../usr/local/lib/libassimp.4.0.1.dylib; sourceTree = "<group>"; };
		EFB02EDD1F78E61E007CBE0E /* libassimp.4.0.1.dylib */ = {isa = PBXFileReference; lastKnownFileType = "compiled.mach-o.dylib"; name = libassimp.4.0.1.dylib; path = "../assimp-4.0.1/build/code/libassimp.4.0.1.dylib"; sourceTree = "<group>"; };
		EFB02EDF1F78F776007CBE0E /* libassimp.4.0.1.dylib */ = {isa = PBXFileReference; lastKnownFileType = "compiled.mach-o.dylib"; name = libassimp.4.0.1.dylib; path = ../../../../usr/local/Cellar/assimp/4.0.1/lib/libassimp.4.0.1.dylib; sourceTree = "<group>"; };
/* End PBXFileReference section */

/* Begin PBXFrameworksBuildPhase section */
		EF3BF8401F6F774800849CF5 /* Frameworks */ = {
			isa = PBXFrameworksBuildPhase;
			buildActionMask = 2147483647;
			files = (
				EF1768501F79E98900711B57 /* libassimp.4.0.1.dylib in Frameworks */,
				EFB02EE21F78FA06007CBE0E /* libGLEW.2.1.0.dylib in Frameworks */,
				EF3BF8531F6F783B00849CF5 /* libglfw.3.2.dylib in Frameworks */,
				EF3BF84F1F6F77DA00849CF5 /* OpenGL.framework in Frameworks */,
			);
			runOnlyForDeploymentPostprocessing = 0;
		};
/* End PBXFrameworksBuildPhase section */

/* Begin PBXGroup section */
		EF3BF83A1F6F774800849CF5 = {
			isa = PBXGroup;
			children = (
				EF3BF8451F6F774800849CF5 /* LearnOpenGL */,
				EF3BF8441F6F774800849CF5 /* Products */,
				EF3BF84D1F6F77DA00849CF5 /* Frameworks */,
			);
			sourceTree = "<group>";
		};
		EF3BF8441F6F774800849CF5 /* Products */ = {
			isa = PBXGroup;
			children = (
				EF3BF8431F6F774800849CF5 /* LearnOpenGL */,
			);
			name = Products;
			sourceTree = "<group>";
		};
		EF3BF8451F6F774800849CF5 /* LearnOpenGL */ = {
			isa = PBXGroup;
			children = (
				EF7AC18C1F70A65300AD327C /* Code */,
				EF3BF8561F6F97D600849CF5 /* Header */,
				EF3BF8541F6F976300849CF5 /* Shaders */,
				EF3BF8551F6F97BB00849CF5 /* Sources */,
				EF3BF8461F6F774800849CF5 /* main.cpp */,
			);
			path = LearnOpenGL;
			sourceTree = "<group>";
		};
		EF3BF84D1F6F77DA00849CF5 /* Frameworks */ = {
			isa = PBXGroup;
			children = (
				EFB02EDF1F78F776007CBE0E /* libassimp.4.0.1.dylib */,
				EFB02EDD1F78E61E007CBE0E /* libassimp.4.0.1.dylib */,
				EFB02EDB1F78E519007CBE0E /* libassimp.4.0.1.dylib */,
				EF3BF8521F6F783B00849CF5 /* libglfw.3.2.dylib */,
				EF3BF8501F6F782600849CF5 /* libGLEW.2.1.0.dylib */,
				EF3BF84E1F6F77DA00849CF5 /* OpenGL.framework */,
			);
			name = Frameworks;
			sourceTree = "<group>";
		};
		EF3BF8541F6F976300849CF5 /* Shaders */ = {
			isa = PBXGroup;
			children = (
				EF3BF9971F6FAFF100849CF5 /* 3.3.shader.vert */,
				EF3BF9961F6FAFF100849CF5 /* 3.3.shader.frag */,
				EF7AC19A1F70C48E00AD327C /* 4.1.texture.vert */,
				EF7AC19B1F70C49D00AD327C /* 4.1.texture.frag */,
				EF79B5071F7238EC006F8A9F /* 5.1.transform.vert */,
				EF79B5081F7238FA006F8A9F /* 5.1.transform.frag */,
				EF79B50F1F72486E006F8A9F /* 6.1.coordinate_systems.vert */,
				EF79B5101F724879006F8A9F /* 6.1.coordinate_systems.frag */,
				EF79B5171F725853006F8A9F /* 6.2.coordinate_systems.vert */,
				EF79B5181F725863006F8A9F /* 6.2.coordinate_systems.frag */,
				EF40558F1F73540700B15A8A /* 7.1.camera.vert */,
				EF4055901F73541000B15A8A /* 7.1.camera.frag */,
				EF4055951F73872300B15A8A /* 1.colors.vert */,
				EF4055961F73872B00B15A8A /* 1.colors.frag */,
				EF4055971F73875700B15A8A /* 1.lamp.vert */,
				EF4055981F73875F00B15A8A /* 1.lamp.frag */,
				EF261CF91F74BC0B00C6FA2B /* 2.2.lamp.vert */,
				EF261CFA1F74BC1200C6FA2B /* 2.2.lamp.frag */,
				EF261CFB1F74BC2C00C6FA2B /* 2.2.basic_lighting.vert */,
				EF261CFC1F74BC3500C6FA2B /* 2.2.basic_lighting.frag */,
				EF261D001F74E0F000C6FA2B /* 3.1.materials.vert */,
				EF261D011F74E0F900C6FA2B /* 3.1.materials.frag */,
				EF261D021F74E10600C6FA2B /* 3.1.lamp.vert */,
				EF261D031F74E10E00C6FA2B /* 3.1.lamp.frag */,
				EF261D081F75013500C6FA2B /* 4.1.lighting_maps.vert */,
				EF261D091F75013D00C6FA2B /* 4.1.lighting_maps.frag */,
				EF261D0A1F75014D00C6FA2B /* 4.1.lamp.vert */,
				EF261D0B1F75015500C6FA2B /* 4.1.lamp.frag */,
				EFB02EC91F788CEA007CBE0E /* 4.2.lighting_maps.vert */,
				EFB02ECA1F788CF9007CBE0E /* 4.2.lighting_maps.frag */,
				EFB02ECB1F788D20007CBE0E /* 4.2.lamp.vert */,
				EFB02ECC1F788D28007CBE0E /* 4.2.lamp.frag */,
				EFB02ED01F78A299007CBE0E /* 5.1.light_casters.vert */,
				EFB02ED11F78A2A4007CBE0E /* 5.1.light_casters.frag */,
				EFB02ED21F78A2EB007CBE0E /* 5.1.lamp.vert */,
				EFB02ED31F78A2F2007CBE0E /* 5.1.lamp.frag */,
				EFB02ED41F78D27F007CBE0E /* 6.lamp.vert */,
				EFB02ED51F78D295007CBE0E /* 6.lamp.frag */,
				EFB02ED61F78D2AA007CBE0E /* 6.multiple_lights.vert */,
				EFB02ED71F78D2B2007CBE0E /* 6.multiple_lights.frag */,
			);
			path = Shaders;
			sourceTree = "<group>";
		};
		EF3BF8551F6F97BB00849CF5 /* Sources */ = {
			isa = PBXGroup;
			children = (
				EFB02EC51F788BFF007CBE0E /* container2_specular.png */,
				EF261D071F74FF1400C6FA2B /* container2.png */,
				EF79B5191F7260C9006F8A9F /* container.jpg */,
				EF7AC1961F70C24500AD327C /* awesomeface.png */,
				EF7AC18F1F70A67800AD327C /* wall.jpg */,
			);
			path = Sources;
			sourceTree = "<group>";
		};
		EF3BF8561F6F97D600849CF5 /* Header */ = {
			isa = PBXGroup;
			children = (
				EF79B4071F72190A006F8A9F /* glm */,
				EF3BF9981F6FB65500849CF5 /* glad.c */,
				EF3BF9991F6FB65500849CF5 /* glad.h */,
				EF3BF99A1F6FB65500849CF5 /* khrplatform.h */,
				EF3BF9941F6FAFEB00849CF5 /* learnopengl.h */,
				EF3BF9951F6FAFEB00849CF5 /* shader.h */,
				EF3BF99E1F6FC3FC00849CF5 /* stb_image.h */,
				EF4055911F735E8F00B15A8A /* camera.h */,
				EF17684B1F79E38000711B57 /* mesh.h */,
			);
			path = Header;
			sourceTree = "<group>";
		};
		EF79B4071F72190A006F8A9F /* glm */ = {
			isa = PBXGroup;
			children = (
				EF79B4081F72190A006F8A9F /* CMakeLists.txt */,
				EF79B4091F72190A006F8A9F /* common.hpp */,
				EF79B40A1F72190A006F8A9F /* detail */,
				EF79B45C1F72190A006F8A9F /* exponential.hpp */,
				EF79B45D1F72190A006F8A9F /* ext.hpp */,
				EF79B45E1F72190A006F8A9F /* fwd.hpp */,
				EF79B45F1F72190A006F8A9F /* geometric.hpp */,
				EF79B4601F72190A006F8A9F /* glm.hpp */,
				EF79B4611F72190A006F8A9F /* gtc */,
				EF79B47D1F72190A006F8A9F /* gtx */,
				EF79B4F61F72190A006F8A9F /* integer.hpp */,
				EF79B4F71F72190A006F8A9F /* mat2x2.hpp */,
				EF79B4F81F72190A006F8A9F /* mat2x3.hpp */,
				EF79B4F91F72190A006F8A9F /* mat2x4.hpp */,
				EF79B4FA1F72190A006F8A9F /* mat3x2.hpp */,
				EF79B4FB1F72190A006F8A9F /* mat3x3.hpp */,
				EF79B4FC1F72190A006F8A9F /* mat3x4.hpp */,
				EF79B4FD1F72190A006F8A9F /* mat4x2.hpp */,
				EF79B4FE1F72190A006F8A9F /* mat4x3.hpp */,
				EF79B4FF1F72190A006F8A9F /* mat4x4.hpp */,
				EF79B5001F72190A006F8A9F /* matrix.hpp */,
				EF79B5011F72190A006F8A9F /* packing.hpp */,
				EF79B5021F72190A006F8A9F /* trigonometric.hpp */,
				EF79B5031F72190A006F8A9F /* vec2.hpp */,
				EF79B5041F72190A006F8A9F /* vec3.hpp */,
				EF79B5051F72190A006F8A9F /* vec4.hpp */,
				EF79B5061F72190A006F8A9F /* vector_relational.hpp */,
			);
			path = glm;
			sourceTree = "<group>";
		};
		EF79B40A1F72190A006F8A9F /* detail */ = {
			isa = PBXGroup;
			children = (
				EF79B40B1F72190A006F8A9F /* _features.hpp */,
				EF79B40C1F72190A006F8A9F /* _fixes.hpp */,
				EF79B40D1F72190A006F8A9F /* _literals.hpp */,
				EF79B40E1F72190A006F8A9F /* _noise.hpp */,
				EF79B40F1F72190A006F8A9F /* _swizzle.hpp */,
				EF79B4101F72190A006F8A9F /* _swizzle_func.hpp */,
				EF79B4111F72190A006F8A9F /* _vectorize.hpp */,
				EF79B4121F72190A006F8A9F /* dummy.cpp */,
				EF79B4131F72190A006F8A9F /* func_common.hpp */,
				EF79B4141F72190A006F8A9F /* func_common.inl */,
				EF79B4151F72190A006F8A9F /* func_exponential.hpp */,
				EF79B4161F72190A006F8A9F /* func_exponential.inl */,
				EF79B4171F72190A006F8A9F /* func_geometric.hpp */,
				EF79B4181F72190A006F8A9F /* func_geometric.inl */,
				EF79B4191F72190A006F8A9F /* func_integer.hpp */,
				EF79B41A1F72190A006F8A9F /* func_integer.inl */,
				EF79B41B1F72190A006F8A9F /* func_matrix.hpp */,
				EF79B41C1F72190A006F8A9F /* func_matrix.inl */,
				EF79B41D1F72190A006F8A9F /* func_noise.hpp */,
				EF79B41E1F72190A006F8A9F /* func_noise.inl */,
				EF79B41F1F72190A006F8A9F /* func_packing.hpp */,
				EF79B4201F72190A006F8A9F /* func_packing.inl */,
				EF79B4211F72190A006F8A9F /* func_trigonometric.hpp */,
				EF79B4221F72190A006F8A9F /* func_trigonometric.inl */,
				EF79B4231F72190A006F8A9F /* func_vector_relational.hpp */,
				EF79B4241F72190A006F8A9F /* func_vector_relational.inl */,
				EF79B4251F72190A006F8A9F /* glm.cpp */,
				EF79B4261F72190A006F8A9F /* hint.hpp */,
				EF79B4271F72190A006F8A9F /* intrinsic_common.hpp */,
				EF79B4281F72190A006F8A9F /* intrinsic_common.inl */,
				EF79B4291F72190A006F8A9F /* intrinsic_exponential.hpp */,
				EF79B42A1F72190A006F8A9F /* intrinsic_exponential.inl */,
				EF79B42B1F72190A006F8A9F /* intrinsic_geometric.hpp */,
				EF79B42C1F72190A006F8A9F /* intrinsic_geometric.inl */,
				EF79B42D1F72190A006F8A9F /* intrinsic_integer.hpp */,
				EF79B42E1F72190A006F8A9F /* intrinsic_integer.inl */,
				EF79B42F1F72190A006F8A9F /* intrinsic_matrix.hpp */,
				EF79B4301F72190A006F8A9F /* intrinsic_matrix.inl */,
				EF79B4311F72190A006F8A9F /* intrinsic_trigonometric.hpp */,
				EF79B4321F72190A006F8A9F /* intrinsic_trigonometric.inl */,
				EF79B4331F72190A006F8A9F /* intrinsic_vector_relational.hpp */,
				EF79B4341F72190A006F8A9F /* intrinsic_vector_relational.inl */,
				EF79B4351F72190A006F8A9F /* precision.hpp */,
				EF79B4361F72190A006F8A9F /* precision.inl */,
				EF79B4371F72190A006F8A9F /* setup.hpp */,
				EF79B4381F72190A006F8A9F /* type_float.hpp */,
				EF79B4391F72190A006F8A9F /* type_gentype.hpp */,
				EF79B43A1F72190A006F8A9F /* type_gentype.inl */,
				EF79B43B1F72190A006F8A9F /* type_half.hpp */,
				EF79B43C1F72190A006F8A9F /* type_half.inl */,
				EF79B43D1F72190A006F8A9F /* type_int.hpp */,
				EF79B43E1F72190A006F8A9F /* type_mat.hpp */,
				EF79B43F1F72190A006F8A9F /* type_mat.inl */,
				EF79B4401F72190A006F8A9F /* type_mat2x2.hpp */,
				EF79B4411F72190A006F8A9F /* type_mat2x2.inl */,
				EF79B4421F72190A006F8A9F /* type_mat2x3.hpp */,
				EF79B4431F72190A006F8A9F /* type_mat2x3.inl */,
				EF79B4441F72190A006F8A9F /* type_mat2x4.hpp */,
				EF79B4451F72190A006F8A9F /* type_mat2x4.inl */,
				EF79B4461F72190A006F8A9F /* type_mat3x2.hpp */,
				EF79B4471F72190A006F8A9F /* type_mat3x2.inl */,
				EF79B4481F72190A006F8A9F /* type_mat3x3.hpp */,
				EF79B4491F72190A006F8A9F /* type_mat3x3.inl */,
				EF79B44A1F72190A006F8A9F /* type_mat3x4.hpp */,
				EF79B44B1F72190A006F8A9F /* type_mat3x4.inl */,
				EF79B44C1F72190A006F8A9F /* type_mat4x2.hpp */,
				EF79B44D1F72190A006F8A9F /* type_mat4x2.inl */,
				EF79B44E1F72190A006F8A9F /* type_mat4x3.hpp */,
				EF79B44F1F72190A006F8A9F /* type_mat4x3.inl */,
				EF79B4501F72190A006F8A9F /* type_mat4x4.hpp */,
				EF79B4511F72190A006F8A9F /* type_mat4x4.inl */,
				EF79B4521F72190A006F8A9F /* type_vec.hpp */,
				EF79B4531F72190A006F8A9F /* type_vec.inl */,
				EF79B4541F72190A006F8A9F /* type_vec1.hpp */,
				EF79B4551F72190A006F8A9F /* type_vec1.inl */,
				EF79B4561F72190A006F8A9F /* type_vec2.hpp */,
				EF79B4571F72190A006F8A9F /* type_vec2.inl */,
				EF79B4581F72190A006F8A9F /* type_vec3.hpp */,
				EF79B4591F72190A006F8A9F /* type_vec3.inl */,
				EF79B45A1F72190A006F8A9F /* type_vec4.hpp */,
				EF79B45B1F72190A006F8A9F /* type_vec4.inl */,
			);
			path = detail;
			sourceTree = "<group>";
		};
		EF79B4611F72190A006F8A9F /* gtc */ = {
			isa = PBXGroup;
			children = (
				EF79B4621F72190A006F8A9F /* constants.hpp */,
				EF79B4631F72190A006F8A9F /* constants.inl */,
				EF79B4641F72190A006F8A9F /* epsilon.hpp */,
				EF79B4651F72190A006F8A9F /* epsilon.inl */,
				EF79B4661F72190A006F8A9F /* matrix_access.hpp */,
				EF79B4671F72190A006F8A9F /* matrix_access.inl */,
				EF79B4681F72190A006F8A9F /* matrix_integer.hpp */,
				EF79B4691F72190A006F8A9F /* matrix_inverse.hpp */,
				EF79B46A1F72190A006F8A9F /* matrix_inverse.inl */,
				EF79B46B1F72190A006F8A9F /* matrix_transform.hpp */,
				EF79B46C1F72190A006F8A9F /* matrix_transform.inl */,
				EF79B46D1F72190A006F8A9F /* noise.hpp */,
				EF79B46E1F72190A006F8A9F /* noise.inl */,
				EF79B46F1F72190A006F8A9F /* packing.hpp */,
				EF79B4701F72190A006F8A9F /* packing.inl */,
				EF79B4711F72190A006F8A9F /* quaternion.hpp */,
				EF79B4721F72190A006F8A9F /* quaternion.inl */,
				EF79B4731F72190A006F8A9F /* random.hpp */,
				EF79B4741F72190A006F8A9F /* random.inl */,
				EF79B4751F72190A006F8A9F /* reciprocal.hpp */,
				EF79B4761F72190A006F8A9F /* reciprocal.inl */,
				EF79B4771F72190A006F8A9F /* type_precision.hpp */,
				EF79B4781F72190A006F8A9F /* type_precision.inl */,
				EF79B4791F72190A006F8A9F /* type_ptr.hpp */,
				EF79B47A1F72190A006F8A9F /* type_ptr.inl */,
				EF79B47B1F72190A006F8A9F /* ulp.hpp */,
				EF79B47C1F72190A006F8A9F /* ulp.inl */,
			);
			path = gtc;
			sourceTree = "<group>";
		};
		EF79B47D1F72190A006F8A9F /* gtx */ = {
			isa = PBXGroup;
			children = (
				EF79B47E1F72190A006F8A9F /* associated_min_max.hpp */,
				EF79B47F1F72190A006F8A9F /* associated_min_max.inl */,
				EF79B4801F72190A006F8A9F /* bit.hpp */,
				EF79B4811F72190A006F8A9F /* bit.inl */,
				EF79B4821F72190A006F8A9F /* closest_point.hpp */,
				EF79B4831F72190A006F8A9F /* closest_point.inl */,
				EF79B4841F72190A006F8A9F /* color_space.hpp */,
				EF79B4851F72190A006F8A9F /* color_space.inl */,
				EF79B4861F72190A006F8A9F /* color_space_YCoCg.hpp */,
				EF79B4871F72190A006F8A9F /* color_space_YCoCg.inl */,
				EF79B4881F72190A006F8A9F /* compatibility.hpp */,
				EF79B4891F72190A006F8A9F /* compatibility.inl */,
				EF79B48A1F72190A006F8A9F /* component_wise.hpp */,
				EF79B48B1F72190A006F8A9F /* component_wise.inl */,
				EF79B48C1F72190A006F8A9F /* constants.hpp */,
				EF79B48D1F72190A006F8A9F /* dual_quaternion.hpp */,
				EF79B48E1F72190A006F8A9F /* dual_quaternion.inl */,
				EF79B48F1F72190A006F8A9F /* epsilon.hpp */,
				EF79B4901F72190A006F8A9F /* euler_angles.hpp */,
				EF79B4911F72190A006F8A9F /* euler_angles.inl */,
				EF79B4921F72190A006F8A9F /* extend.hpp */,
				EF79B4931F72190A006F8A9F /* extend.inl */,
				EF79B4941F72190A006F8A9F /* extented_min_max.hpp */,
				EF79B4951F72190A006F8A9F /* extented_min_max.inl */,
				EF79B4961F72190A006F8A9F /* fast_exponential.hpp */,
				EF79B4971F72190A006F8A9F /* fast_exponential.inl */,
				EF79B4981F72190A006F8A9F /* fast_square_root.hpp */,
				EF79B4991F72190A006F8A9F /* fast_square_root.inl */,
				EF79B49A1F72190A006F8A9F /* fast_trigonometry.hpp */,
				EF79B49B1F72190A006F8A9F /* fast_trigonometry.inl */,
				EF79B49C1F72190A006F8A9F /* gradient_paint.hpp */,
				EF79B49D1F72190A006F8A9F /* gradient_paint.inl */,
				EF79B49E1F72190A006F8A9F /* handed_coordinate_space.hpp */,
				EF79B49F1F72190A006F8A9F /* handed_coordinate_space.inl */,
				EF79B4A01F72190A006F8A9F /* inertia.hpp */,
				EF79B4A11F72190A006F8A9F /* inertia.inl */,
				EF79B4A21F72190A006F8A9F /* int_10_10_10_2.hpp */,
				EF79B4A31F72190A006F8A9F /* int_10_10_10_2.inl */,
				EF79B4A41F72190A006F8A9F /* integer.hpp */,
				EF79B4A51F72190A006F8A9F /* integer.inl */,
				EF79B4A61F72190A006F8A9F /* intersect.hpp */,
				EF79B4A71F72190A006F8A9F /* intersect.inl */,
				EF79B4A81F72190A006F8A9F /* io.hpp */,
				EF79B4A91F72190A006F8A9F /* io.inl */,
				EF79B4AA1F72190A006F8A9F /* log_base.hpp */,
				EF79B4AB1F72190A006F8A9F /* log_base.inl */,
				EF79B4AC1F72190A006F8A9F /* matrix_cross_product.hpp */,
				EF79B4AD1F72190A006F8A9F /* matrix_cross_product.inl */,
				EF79B4AE1F72190A006F8A9F /* matrix_interpolation.hpp */,
				EF79B4AF1F72190A006F8A9F /* matrix_interpolation.inl */,
				EF79B4B01F72190A006F8A9F /* matrix_major_storage.hpp */,
				EF79B4B11F72190A006F8A9F /* matrix_major_storage.inl */,
				EF79B4B21F72190A006F8A9F /* matrix_operation.hpp */,
				EF79B4B31F72190A006F8A9F /* matrix_operation.inl */,
				EF79B4B41F72190A006F8A9F /* matrix_query.hpp */,
				EF79B4B51F72190A006F8A9F /* matrix_query.inl */,
				EF79B4B61F72190A006F8A9F /* matrix_transform_2d.hpp */,
				EF79B4B71F72190A006F8A9F /* matrix_transform_2d.inl */,
				EF79B4B81F72190A006F8A9F /* mixed_product.hpp */,
				EF79B4B91F72190A006F8A9F /* mixed_product.inl */,
				EF79B4BA1F72190A006F8A9F /* multiple.hpp */,
				EF79B4BB1F72190A006F8A9F /* multiple.inl */,
				EF79B4BC1F72190A006F8A9F /* noise.hpp */,
				EF79B4BD1F72190A006F8A9F /* norm.hpp */,
				EF79B4BE1F72190A006F8A9F /* norm.inl */,
				EF79B4BF1F72190A006F8A9F /* normal.hpp */,
				EF79B4C01F72190A006F8A9F /* normal.inl */,
				EF79B4C11F72190A006F8A9F /* normalize_dot.hpp */,
				EF79B4C21F72190A006F8A9F /* normalize_dot.inl */,
				EF79B4C31F72190A006F8A9F /* number_precision.hpp */,
				EF79B4C41F72190A006F8A9F /* number_precision.inl */,
				EF79B4C51F72190A006F8A9F /* optimum_pow.hpp */,
				EF79B4C61F72190A006F8A9F /* optimum_pow.inl */,
				EF79B4C71F72190A006F8A9F /* orthonormalize.hpp */,
				EF79B4C81F72190A006F8A9F /* orthonormalize.inl */,
				EF79B4C91F72190A006F8A9F /* perpendicular.hpp */,
				EF79B4CA1F72190A006F8A9F /* perpendicular.inl */,
				EF79B4CB1F72190A006F8A9F /* polar_coordinates.hpp */,
				EF79B4CC1F72190A006F8A9F /* polar_coordinates.inl */,
				EF79B4CD1F72190A006F8A9F /* projection.hpp */,
				EF79B4CE1F72190A006F8A9F /* projection.inl */,
				EF79B4CF1F72190A006F8A9F /* quaternion.hpp */,
				EF79B4D01F72190A006F8A9F /* quaternion.inl */,
				EF79B4D11F72190A006F8A9F /* random.hpp */,
				EF79B4D21F72190A006F8A9F /* raw_data.hpp */,
				EF79B4D31F72190A006F8A9F /* raw_data.inl */,
				EF79B4D41F72190A006F8A9F /* reciprocal.hpp */,
				EF79B4D51F72190A006F8A9F /* rotate_normalized_axis.hpp */,
				EF79B4D61F72190A006F8A9F /* rotate_normalized_axis.inl */,
				EF79B4D71F72190A006F8A9F /* rotate_vector.hpp */,
				EF79B4D81F72190A006F8A9F /* rotate_vector.inl */,
				EF79B4D91F72190A006F8A9F /* scalar_relational.hpp */,
				EF79B4DA1F72190A006F8A9F /* scalar_relational.inl */,
				EF79B4DB1F72190A006F8A9F /* simd_mat4.hpp */,
				EF79B4DC1F72190A006F8A9F /* simd_mat4.inl */,
				EF79B4DD1F72190A006F8A9F /* simd_quat.hpp */,
				EF79B4DE1F72190A006F8A9F /* simd_quat.inl */,
				EF79B4DF1F72190A006F8A9F /* simd_vec4.hpp */,
				EF79B4E01F72190A006F8A9F /* simd_vec4.inl */,
				EF79B4E11F72190A006F8A9F /* spline.hpp */,
				EF79B4E21F72190A006F8A9F /* spline.inl */,
				EF79B4E31F72190A006F8A9F /* std_based_type.hpp */,
				EF79B4E41F72190A006F8A9F /* std_based_type.inl */,
				EF79B4E51F72190A006F8A9F /* string_cast.hpp */,
				EF79B4E61F72190A006F8A9F /* string_cast.inl */,
				EF79B4E71F72190A006F8A9F /* transform.hpp */,
				EF79B4E81F72190A006F8A9F /* transform.inl */,
				EF79B4E91F72190A006F8A9F /* transform2.hpp */,
				EF79B4EA1F72190A006F8A9F /* transform2.inl */,
				EF79B4EB1F72190A006F8A9F /* ulp.hpp */,
				EF79B4EC1F72190A006F8A9F /* unsigned_int.hpp */,
				EF79B4ED1F72190A006F8A9F /* unsigned_int.inl */,
				EF79B4EE1F72190A006F8A9F /* vec1.hpp */,
				EF79B4EF1F72190A006F8A9F /* vec1.inl */,
				EF79B4F01F72190A006F8A9F /* vector_angle.hpp */,
				EF79B4F11F72190A006F8A9F /* vector_angle.inl */,
				EF79B4F21F72190A006F8A9F /* vector_query.hpp */,
				EF79B4F31F72190A006F8A9F /* vector_query.inl */,
				EF79B4F41F72190A006F8A9F /* wrap.hpp */,
				EF79B4F51F72190A006F8A9F /* wrap.inl */,
			);
			path = gtx;
			sourceTree = "<group>";
		};
		EF7AC18C1F70A65300AD327C /* Code */ = {
			isa = PBXGroup;
			children = (
				EF7AC18D1F70A67000AD327C /* stb_image.cpp */,
				EF7AC1931F70A9D100AD327C /* base.cpp */,
				EF7AC1941F70A9D100AD327C /* base.hpp */,
				EF7AC1901F70A73E00AD327C /* triangle.cpp */,
				EF7AC1911F70A73E00AD327C /* triangle.hpp */,
				EF7AC1971F70C44A00AD327C /* textures.cpp */,
				EF7AC1981F70C44A00AD327C /* textures.hpp */,
				EF79B5091F723974006F8A9F /* transformations.cpp */,
				EF79B50A1F723974006F8A9F /* transformations.hpp */,
				EF79B5111F724F50006F8A9F /* coordinate_systems.cpp */,
				EF79B5121F724F50006F8A9F /* coordinate_systems.hpp */,
				EF79B5141F725824006F8A9F /* coordinate_systems_depth.cpp */,
				EF79B5151F725824006F8A9F /* coordinate_systems_depth.hpp */,
				EF40558C1F7351C100B15A8A /* camera_circle.cpp */,
				EF40558D1F7351C100B15A8A /* camera_circle.hpp */,
				EF4055991F738DAF00B15A8A /* colors.cpp */,
				EF40559A1F738DAF00B15A8A /* colors.hpp */,
				EF261CFD1F74BCDF00C6FA2B /* basic_lighting_specular.cpp */,
				EF261CFE1F74BCDF00C6FA2B /* basic_lighting_specular.hpp */,
				EF261D041F74F4BA00C6FA2B /* materials.cpp */,
				EF261D051F74F4BA00C6FA2B /* materials.hpp */,
				EF261D0C1F75016C00C6FA2B /* lighting_maps_diffuse.cpp */,
				EF261D0D1F75016C00C6FA2B /* lighting_maps_diffuse.hpp */,
				EFB02EC61F788C86007CBE0E /* lighting_maps_specular.cpp */,
				EFB02EC71F788C86007CBE0E /* lighting_maps_specular.hpp */,
				EFB02ECD1F78A282007CBE0E /* light_casters_directional.cpp */,
				EFB02ECE1F78A282007CBE0E /* light_casters_directional.hpp */,
				EFB02ED81F78D329007CBE0E /* multiple_lights.cpp */,
				EFB02ED91F78D329007CBE0E /* multiple_lights.hpp */,
			);
			path = Code;
			sourceTree = "<group>";
		};
/* End PBXGroup section */

/* Begin PBXNativeTarget section */
		EF3BF8421F6F774800849CF5 /* LearnOpenGL */ = {
			isa = PBXNativeTarget;
			buildConfigurationList = EF3BF84A1F6F774800849CF5 /* Build configuration list for PBXNativeTarget "LearnOpenGL" */;
			buildPhases = (
				EF3BF83F1F6F774800849CF5 /* Sources */,
				EF3BF8401F6F774800849CF5 /* Frameworks */,
				EF3BF8411F6F774800849CF5 /* CopyFiles */,
			);
			buildRules = (
			);
			dependencies = (
			);
			name = LearnOpenGL;
			productName = LearnOpenGL;
			productReference = EF3BF8431F6F774800849CF5 /* LearnOpenGL */;
			productType = "com.apple.product-type.tool";
		};
/* End PBXNativeTarget section */

/* Begin PBXProject section */
		EF3BF83B1F6F774800849CF5 /* Project object */ = {
			isa = PBXProject;
			attributes = {
				LastUpgradeCheck = 0830;
				ORGANIZATIONNAME = pfjhetg;
				TargetAttributes = {
					EF3BF8421F6F774800849CF5 = {
						CreatedOnToolsVersion = 8.3.3;
						ProvisioningStyle = Automatic;
					};
				};
			};
			buildConfigurationList = EF3BF83E1F6F774800849CF5 /* Build configuration list for PBXProject "LearnOpenGL" */;
			compatibilityVersion = "Xcode 3.2";
			developmentRegion = English;
			hasScannedForEncodings = 0;
			knownRegions = (
				en,
			);
			mainGroup = EF3BF83A1F6F774800849CF5;
			productRefGroup = EF3BF8441F6F774800849CF5 /* Products */;
			projectDirPath = "";
			projectRoot = "";
			targets = (
				EF3BF8421F6F774800849CF5 /* LearnOpenGL */,
			);
		};
/* End PBXProject section */

/* Begin PBXSourcesBuildPhase section */
		EF3BF83F1F6F774800849CF5 /* Sources */ = {
			isa = PBXSourcesBuildPhase;
			buildActionMask = 2147483647;
			files = (
				EFB02EDA1F78D329007CBE0E /* multiple_lights.cpp in Sources */,
				EF40558E1F7351C100B15A8A /* camera_circle.cpp in Sources */,
				EF261CFF1F74BCDF00C6FA2B /* basic_lighting_specular.cpp in Sources */,
				EF7AC18E1F70A67000AD327C /* stb_image.cpp in Sources */,
				EF261D0E1F75016C00C6FA2B /* lighting_maps_diffuse.cpp in Sources */,
				EF261D061F74F4BA00C6FA2B /* materials.cpp in Sources */,
				EF3BF8471F6F774800849CF5 /* main.cpp in Sources */,
				EF79B5161F725824006F8A9F /* coordinate_systems_depth.cpp in Sources */,
				EFB02ECF1F78A282007CBE0E /* light_casters_directional.cpp in Sources */,
				EF79B50B1F723974006F8A9F /* transformations.cpp in Sources */,
				EF3BF99B1F6FB65500849CF5 /* glad.c in Sources */,
				EF7AC1951F70A9D100AD327C /* base.cpp in Sources */,
				EFB02EC81F788C86007CBE0E /* lighting_maps_specular.cpp in Sources */,
				EF7AC1921F70A73E00AD327C /* triangle.cpp in Sources */,
				EF79B5131F724F50006F8A9F /* coordinate_systems.cpp in Sources */,
				EF7AC1991F70C44A00AD327C /* textures.cpp in Sources */,
				EF40559B1F738DAF00B15A8A /* colors.cpp in Sources */,
			);
			runOnlyForDeploymentPostprocessing = 0;
		};
/* End PBXSourcesBuildPhase section */

/* Begin XCBuildConfiguration section */
		EF3BF8481F6F774800849CF5 /* Debug */ = {
			isa = XCBuildConfiguration;
			buildSettings = {
				ALWAYS_SEARCH_USER_PATHS = NO;
				CLANG_ANALYZER_NONNULL = YES;
				CLANG_ANALYZER_NUMBER_OBJECT_CONVERSION = YES_AGGRESSIVE;
				CLANG_CXX_LANGUAGE_STANDARD = "gnu++0x";
				CLANG_CXX_LIBRARY = "libc++";
				CLANG_ENABLE_MODULES = YES;
				CLANG_ENABLE_OBJC_ARC = YES;
				CLANG_WARN_BOOL_CONVERSION = YES;
				CLANG_WARN_CONSTANT_CONVERSION = YES;
				CLANG_WARN_DIRECT_OBJC_ISA_USAGE = YES_ERROR;
				CLANG_WARN_DOCUMENTATION_COMMENTS = YES;
				CLANG_WARN_EMPTY_BODY = YES;
				CLANG_WARN_ENUM_CONVERSION = YES;
				CLANG_WARN_INFINITE_RECURSION = YES;
				CLANG_WARN_INT_CONVERSION = YES;
				CLANG_WARN_OBJC_ROOT_CLASS = YES_ERROR;
				CLANG_WARN_SUSPICIOUS_MOVE = YES;
				CLANG_WARN_UNREACHABLE_CODE = YES;
				CLANG_WARN__DUPLICATE_METHOD_MATCH = YES;
				CODE_SIGN_IDENTITY = "-";
				COPY_PHASE_STRIP = NO;
				DEBUG_INFORMATION_FORMAT = dwarf;
				ENABLE_STRICT_OBJC_MSGSEND = YES;
				ENABLE_TESTABILITY = YES;
				GCC_C_LANGUAGE_STANDARD = gnu99;
				GCC_DYNAMIC_NO_PIC = NO;
				GCC_NO_COMMON_BLOCKS = YES;
				GCC_OPTIMIZATION_LEVEL = 0;
				GCC_PREPROCESSOR_DEFINITIONS = (
					"DEBUG=1",
					"$(inherited)",
				);
				GCC_WARN_64_TO_32_BIT_CONVERSION = YES;
				GCC_WARN_ABOUT_RETURN_TYPE = YES_ERROR;
				GCC_WARN_UNDECLARED_SELECTOR = YES;
				GCC_WARN_UNINITIALIZED_AUTOS = YES_AGGRESSIVE;
				GCC_WARN_UNUSED_FUNCTION = YES;
				GCC_WARN_UNUSED_VARIABLE = YES;
				MACOSX_DEPLOYMENT_TARGET = 10.12;
				MTL_ENABLE_DEBUG_INFO = YES;
				ONLY_ACTIVE_ARCH = YES;
				SDKROOT = macosx;
			};
			name = Debug;
		};
		EF3BF8491F6F774800849CF5 /* Release */ = {
			isa = XCBuildConfiguration;
			buildSettings = {
				ALWAYS_SEARCH_USER_PATHS = NO;
				CLANG_ANALYZER_NONNULL = YES;
				CLANG_ANALYZER_NUMBER_OBJECT_CONVERSION = YES_AGGRESSIVE;
				CLANG_CXX_LANGUAGE_STANDARD = "gnu++0x";
				CLANG_CXX_LIBRARY = "libc++";
				CLANG_ENABLE_MODULES = YES;
				CLANG_ENABLE_OBJC_ARC = YES;
				CLANG_WARN_BOOL_CONVERSION = YES;
				CLANG_WARN_CONSTANT_CONVERSION = YES;
				CLANG_WARN_DIRECT_OBJC_ISA_USAGE = YES_ERROR;
				CLANG_WARN_DOCUMENTATION_COMMENTS = YES;
				CLANG_WARN_EMPTY_BODY = YES;
				CLANG_WARN_ENUM_CONVERSION = YES;
				CLANG_WARN_INFINITE_RECURSION = YES;
				CLANG_WARN_INT_CONVERSION = YES;
				CLANG_WARN_OBJC_ROOT_CLASS = YES_ERROR;
				CLANG_WARN_SUSPICIOUS_MOVE = YES;
				CLANG_WARN_UNREACHABLE_CODE = YES;
				CLANG_WARN__DUPLICATE_METHOD_MATCH = YES;
				CODE_SIGN_IDENTITY = "-";
				COPY_PHASE_STRIP = NO;
				DEBUG_INFORMATION_FORMAT = "dwarf-with-dsym";
				ENABLE_NS_ASSERTIONS = NO;
				ENABLE_STRICT_OBJC_MSGSEND = YES;
				GCC_C_LANGUAGE_STANDARD = gnu99;
				GCC_NO_COMMON_BLOCKS = YES;
				GCC_WARN_64_TO_32_BIT_CONVERSION = YES;
				GCC_WARN_ABOUT_RETURN_TYPE = YES_ERROR;
				GCC_WARN_UNDECLARED_SELECTOR = YES;
				GCC_WARN_UNINITIALIZED_AUTOS = YES_AGGRESSIVE;
				GCC_WARN_UNUSED_FUNCTION = YES;
				GCC_WARN_UNUSED_VARIABLE = YES;
				MACOSX_DEPLOYMENT_TARGET = 10.12;
				MTL_ENABLE_DEBUG_INFO = NO;
				SDKROOT = macosx;
			};
			name = Release;
		};
		EF3BF84B1F6F774800849CF5 /* Debug */ = {
			isa = XCBuildConfiguration;
			buildSettings = {
				ALWAYS_SEARCH_USER_PATHS = YES;
				HEADER_SEARCH_PATHS = (
					"$(glew_header)",
					"$(glfw_header)",
					"$(assimp_header)",
				);
				LIBRARY_SEARCH_PATHS = (
					"$(glew_lib)",
					"$(glfw_lib)",
					"$(assimp_lib)",
					/usr/local/Cellar/assimp/4.0.1/lib,
				);
				PRODUCT_NAME = "$(TARGET_NAME)";
				WARNING_CFLAGS = "-Wno-unused-variable";
			};
			name = Debug;
		};
		EF3BF84C1F6F774800849CF5 /* Release */ = {
			isa = XCBuildConfiguration;
			buildSettings = {
				ALWAYS_SEARCH_USER_PATHS = YES;
				HEADER_SEARCH_PATHS = (
					"$(glew_header)",
					"$(glfw_header)",
					"$(assimp_header)",
				);
				LIBRARY_SEARCH_PATHS = (
					"$(glew_lib)",
					"$(glfw_lib)",
					"$(assimp_lib)",
					/usr/local/Cellar/assimp/4.0.1/lib,
				);
				PRODUCT_NAME = "$(TARGET_NAME)";
				WARNING_CFLAGS = "-Wno-unused-variable";
			};
			name = Release;
		};
/* End XCBuildConfiguration section */

/* Begin XCConfigurationList section */
		EF3BF83E1F6F774800849CF5 /* Build configuration list for PBXProject "LearnOpenGL" */ = {
			isa = XCConfigurationList;
			buildConfigurations = (
				EF3BF8481F6F774800849CF5 /* Debug */,
				EF3BF8491F6F774800849CF5 /* Release */,
			);
			defaultConfigurationIsVisible = 0;
			defaultConfigurationName = Release;
		};
		EF3BF84A1F6F774800849CF5 /* Build configuration list for PBXNativeTarget "LearnOpenGL" */ = {
			isa = XCConfigurationList;
			buildConfigurations = (
				EF3BF84B1F6F774800849CF5 /* Debug */,
				EF3BF84C1F6F774800849CF5 /* Release */,
			);
			defaultConfigurationIsVisible = 0;
			defaultConfigurationName = Release;
		};
/* End XCConfigurationList section */
	};
	rootObject = EF3BF83B1F6F774800849CF5 /* Project object */;
}
