// !$*UTF8*$!
{
	archiveVersion = 1;
	classes = {
	};
	objectVersion = 46;
	objects = {

/* Begin PBXBuildFile section */
		EF3BF8471F6F774800849CF5 /* main.cpp in Sources */ = {isa = PBXBuildFile; fileRef = EF3BF8461F6F774800849CF5 /* main.cpp */; };
		EF3BF84F1F6F77DA00849CF5 /* OpenGL.framework in Frameworks */ = {isa = PBXBuildFile; fileRef = EF3BF84E1F6F77DA00849CF5 /* OpenGL.framework */; };
		EF3BF8531F6F783B00849CF5 /* libglfw.3.2.dylib in Frameworks */ = {isa = PBXBuildFile; fileRef = EF3BF8521F6F783B00849CF5 /* libglfw.3.2.dylib */; };
		EF3BF99B1F6FB65500849CF5 /* glad.c in Sources */ = {isa = PBXBuildFile; fileRef = EF3BF9981F6FB65500849CF5 /* glad.c */; };
		EF7AC18E1F70A67000AD327C /* stb_image.cpp in Sources */ = {isa = PBXBuildFile; fileRef = EF7AC18D1F70A67000AD327C /* stb_image.cpp */; };
		EF7AC1921F70A73E00AD327C /* triangle.cpp in Sources */ = {isa = PBXBuildFile; fileRef = EF7AC1901F70A73E00AD327C /* triangle.cpp */; };
		EF7AC1951F70A9D100AD327C /* base.cpp in Sources */ = {isa = PBXBuildFile; fileRef = EF7AC1931F70A9D100AD327C /* base.cpp */; };
		EF7AC1991F70C44A00AD327C /* textures.cpp in Sources */ = {isa = PBXBuildFile; fileRef = EF7AC1971F70C44A00AD327C /* textures.cpp */; };
/* End PBXBuildFile section */

/* Begin PBXCopyFilesBuildPhase section */
		EF3BF8411F6F774800849CF5 /* CopyFiles */ = {
			isa = PBXCopyFilesBuildPhase;
			buildActionMask = 2147483647;
			dstPath = /usr/share/man/man1/;
			dstSubfolderSpec = 0;
			files = (
			);
			runOnlyForDeploymentPostprocessing = 1;
		};
/* End PBXCopyFilesBuildPhase section */

/* Begin PBXFileReference section */
		EF3BF8431F6F774800849CF5 /* LearnOpenGL */ = {isa = PBXFileReference; explicitFileType = "compiled.mach-o.executable"; includeInIndex = 0; path = LearnOpenGL; sourceTree = BUILT_PRODUCTS_DIR; };
		EF3BF8461F6F774800849CF5 /* main.cpp */ = {isa = PBXFileReference; lastKnownFileType = sourcecode.cpp.cpp; path = main.cpp; sourceTree = "<group>"; };
		EF3BF84E1F6F77DA00849CF5 /* OpenGL.framework */ = {isa = PBXFileReference; lastKnownFileType = wrapper.framework; name = OpenGL.framework; path = System/Library/Frameworks/OpenGL.framework; sourceTree = SDKROOT; };
		EF3BF8501F6F782600849CF5 /* libGLEW.2.1.0.dylib */ = {isa = PBXFileReference; lastKnownFileType = "compiled.mach-o.dylib"; name = libGLEW.2.1.0.dylib; path = ../../../../usr/local/Cellar/glew/2.1.0/lib/libGLEW.2.1.0.dylib; sourceTree = "<group>"; };
		EF3BF8521F6F783B00849CF5 /* libglfw.3.2.dylib */ = {isa = PBXFileReference; lastKnownFileType = "compiled.mach-o.dylib"; name = libglfw.3.2.dylib; path = ../../../../usr/local/Cellar/glfw/3.2.1/lib/libglfw.3.2.dylib; sourceTree = "<group>"; };
		EF3BF9941F6FAFEB00849CF5 /* learnopengl.h */ = {isa = PBXFileReference; fileEncoding = 4; lastKnownFileType = sourcecode.c.h; path = learnopengl.h; sourceTree = "<group>"; };
		EF3BF9951F6FAFEB00849CF5 /* shader.h */ = {isa = PBXFileReference; fileEncoding = 4; lastKnownFileType = sourcecode.c.h; path = shader.h; sourceTree = "<group>"; };
		EF3BF9961F6FAFF100849CF5 /* 3.3.shader.frag */ = {isa = PBXFileReference; fileEncoding = 4; lastKnownFileType = sourcecode.glsl; path = 3.3.shader.frag; sourceTree = "<group>"; };
		EF3BF9971F6FAFF100849CF5 /* 3.3.shader.vert */ = {isa = PBXFileReference; fileEncoding = 4; lastKnownFileType = sourcecode.glsl; path = 3.3.shader.vert; sourceTree = "<group>"; };
		EF3BF9981F6FB65500849CF5 /* glad.c */ = {isa = PBXFileReference; fileEncoding = 4; lastKnownFileType = sourcecode.c.c; path = glad.c; sourceTree = "<group>"; };
		EF3BF9991F6FB65500849CF5 /* glad.h */ = {isa = PBXFileReference; fileEncoding = 4; lastKnownFileType = sourcecode.c.h; path = glad.h; sourceTree = "<group>"; };
		EF3BF99A1F6FB65500849CF5 /* khrplatform.h */ = {isa = PBXFileReference; fileEncoding = 4; lastKnownFileType = sourcecode.c.h; path = khrplatform.h; sourceTree = "<group>"; };
		EF3BF99E1F6FC3FC00849CF5 /* stb_image.h */ = {isa = PBXFileReference; lastKnownFileType = sourcecode.c.h; path = stb_image.h; sourceTree = "<group>"; };
		EF7AC18D1F70A67000AD327C /* stb_image.cpp */ = {isa = PBXFileReference; fileEncoding = 4; lastKnownFileType = sourcecode.cpp.cpp; path = stb_image.cpp; sourceTree = "<group>"; };
		EF7AC18F1F70A67800AD327C /* wall.jpg */ = {isa = PBXFileReference; lastKnownFileType = image.jpeg; path = wall.jpg; sourceTree = "<group>"; };
		EF7AC1901F70A73E00AD327C /* triangle.cpp */ = {isa = PBXFileReference; fileEncoding = 4; lastKnownFileType = sourcecode.cpp.cpp; path = triangle.cpp; sourceTree = "<group>"; };
		EF7AC1911F70A73E00AD327C /* triangle.hpp */ = {isa = PBXFileReference; fileEncoding = 4; lastKnownFileType = sourcecode.cpp.h; path = triangle.hpp; sourceTree = "<group>"; };
		EF7AC1931F70A9D100AD327C /* base.cpp */ = {isa = PBXFileReference; fileEncoding = 4; lastKnownFileType = sourcecode.cpp.cpp; path = base.cpp; sourceTree = "<group>"; };
		EF7AC1941F70A9D100AD327C /* base.hpp */ = {isa = PBXFileReference; fileEncoding = 4; lastKnownFileType = sourcecode.cpp.h; path = base.hpp; sourceTree = "<group>"; };
		EF7AC1961F70C24500AD327C /* awesomeface.png */ = {isa = PBXFileReference; lastKnownFileType = image.png; path = awesomeface.png; sourceTree = "<group>"; };
		EF7AC1971F70C44A00AD327C /* textures.cpp */ = {isa = PBXFileReference; fileEncoding = 4; lastKnownFileType = sourcecode.cpp.cpp; path = textures.cpp; sourceTree = "<group>"; };
		EF7AC1981F70C44A00AD327C /* textures.hpp */ = {isa = PBXFileReference; fileEncoding = 4; lastKnownFileType = sourcecode.cpp.h; path = textures.hpp; sourceTree = "<group>"; };
		EF7AC19A1F70C48E00AD327C /* 4.1.texture.vert */ = {isa = PBXFileReference; fileEncoding = 4; lastKnownFileType = sourcecode.glsl; path = 4.1.texture.vert; sourceTree = "<group>"; };
		EF7AC19B1F70C49D00AD327C /* 4.1.texture.frag */ = {isa = PBXFileReference; fileEncoding = 4; lastKnownFileType = sourcecode.glsl; path = 4.1.texture.frag; sourceTree = "<group>"; };
/* End PBXFileReference section */

/* Begin PBXFrameworksBuildPhase section */
		EF3BF8401F6F774800849CF5 /* Frameworks */ = {
			isa = PBXFrameworksBuildPhase;
			buildActionMask = 2147483647;
			files = (
				EF3BF8531F6F783B00849CF5 /* libglfw.3.2.dylib in Frameworks */,
				EF3BF84F1F6F77DA00849CF5 /* OpenGL.framework in Frameworks */,
			);
			runOnlyForDeploymentPostprocessing = 0;
		};
/* End PBXFrameworksBuildPhase section */

/* Begin PBXGroup section */
		EF3BF83A1F6F774800849CF5 = {
			isa = PBXGroup;
			children = (
				EF3BF8451F6F774800849CF5 /* LearnOpenGL */,
				EF3BF8441F6F774800849CF5 /* Products */,
				EF3BF84D1F6F77DA00849CF5 /* Frameworks */,
			);
			sourceTree = "<group>";
		};
		EF3BF8441F6F774800849CF5 /* Products */ = {
			isa = PBXGroup;
			children = (
				EF3BF8431F6F774800849CF5 /* LearnOpenGL */,
			);
			name = Products;
			sourceTree = "<group>";
		};
		EF3BF8451F6F774800849CF5 /* LearnOpenGL */ = {
			isa = PBXGroup;
			children = (
				EF7AC18C1F70A65300AD327C /* Code */,
				EF3BF8561F6F97D600849CF5 /* Header */,
				EF3BF8541F6F976300849CF5 /* Shaders */,
				EF3BF8551F6F97BB00849CF5 /* Sources */,
				EF3BF8461F6F774800849CF5 /* main.cpp */,
			);
			path = LearnOpenGL;
			sourceTree = "<group>";
		};
		EF3BF84D1F6F77DA00849CF5 /* Frameworks */ = {
			isa = PBXGroup;
			children = (
				EF3BF8521F6F783B00849CF5 /* libglfw.3.2.dylib */,
				EF3BF8501F6F782600849CF5 /* libGLEW.2.1.0.dylib */,
				EF3BF84E1F6F77DA00849CF5 /* OpenGL.framework */,
			);
			name = Frameworks;
			sourceTree = "<group>";
		};
		EF3BF8541F6F976300849CF5 /* Shaders */ = {
			isa = PBXGroup;
			children = (
				EF3BF9971F6FAFF100849CF5 /* 3.3.shader.vert */,
				EF3BF9961F6FAFF100849CF5 /* 3.3.shader.frag */,
				EF7AC19A1F70C48E00AD327C /* 4.1.texture.vert */,
				EF7AC19B1F70C49D00AD327C /* 4.1.texture.frag */,
			);
			path = Shaders;
			sourceTree = "<group>";
		};
		EF3BF8551F6F97BB00849CF5 /* Sources */ = {
			isa = PBXGroup;
			children = (
				EF7AC1961F70C24500AD327C /* awesomeface.png */,
				EF7AC18F1F70A67800AD327C /* wall.jpg */,
			);
			path = Sources;
			sourceTree = "<group>";
		};
		EF3BF8561F6F97D600849CF5 /* Header */ = {
			isa = PBXGroup;
			children = (
				EF3BF9981F6FB65500849CF5 /* glad.c */,
				EF3BF9991F6FB65500849CF5 /* glad.h */,
				EF3BF99A1F6FB65500849CF5 /* khrplatform.h */,
				EF3BF9941F6FAFEB00849CF5 /* learnopengl.h */,
				EF3BF9951F6FAFEB00849CF5 /* shader.h */,
				EF3BF99E1F6FC3FC00849CF5 /* stb_image.h */,
			);
			path = Header;
			sourceTree = "<group>";
		};
		EF7AC18C1F70A65300AD327C /* Code */ = {
			isa = PBXGroup;
			children = (
				EF7AC18D1F70A67000AD327C /* stb_image.cpp */,
				EF7AC1931F70A9D100AD327C /* base.cpp */,
				EF7AC1941F70A9D100AD327C /* base.hpp */,
				EF7AC1901F70A73E00AD327C /* triangle.cpp */,
				EF7AC1911F70A73E00AD327C /* triangle.hpp */,
				EF7AC1971F70C44A00AD327C /* textures.cpp */,
				EF7AC1981F70C44A00AD327C /* textures.hpp */,
			);
			path = Code;
			sourceTree = "<group>";
		};
/* End PBXGroup section */

/* Begin PBXNativeTarget section */
		EF3BF8421F6F774800849CF5 /* LearnOpenGL */ = {
			isa = PBXNativeTarget;
			buildConfigurationList = EF3BF84A1F6F774800849CF5 /* Build configuration list for PBXNativeTarget "LearnOpenGL" */;
			buildPhases = (
				EF3BF83F1F6F774800849CF5 /* Sources */,
				EF3BF8401F6F774800849CF5 /* Frameworks */,
				EF3BF8411F6F774800849CF5 /* CopyFiles */,
			);
			buildRules = (
			);
			dependencies = (
			);
			name = LearnOpenGL;
			productName = LearnOpenGL;
			productReference = EF3BF8431F6F774800849CF5 /* LearnOpenGL */;
			productType = "com.apple.product-type.tool";
		};
/* End PBXNativeTarget section */

/* Begin PBXProject section */
		EF3BF83B1F6F774800849CF5 /* Project object */ = {
			isa = PBXProject;
			attributes = {
				LastUpgradeCheck = 0830;
				ORGANIZATIONNAME = pfjhetg;
				TargetAttributes = {
					EF3BF8421F6F774800849CF5 = {
						CreatedOnToolsVersion = 8.3.3;
						ProvisioningStyle = Automatic;
					};
				};
			};
			buildConfigurationList = EF3BF83E1F6F774800849CF5 /* Build configuration list for PBXProject "LearnOpenGL" */;
			compatibilityVersion = "Xcode 3.2";
			developmentRegion = English;
			hasScannedForEncodings = 0;
			knownRegions = (
				en,
			);
			mainGroup = EF3BF83A1F6F774800849CF5;
			productRefGroup = EF3BF8441F6F774800849CF5 /* Products */;
			projectDirPath = "";
			projectRoot = "";
			targets = (
				EF3BF8421F6F774800849CF5 /* LearnOpenGL */,
			);
		};
/* End PBXProject section */

/* Begin PBXSourcesBuildPhase section */
		EF3BF83F1F6F774800849CF5 /* Sources */ = {
			isa = PBXSourcesBuildPhase;
			buildActionMask = 2147483647;
			files = (
				EF7AC18E1F70A67000AD327C /* stb_image.cpp in Sources */,
				EF3BF8471F6F774800849CF5 /* main.cpp in Sources */,
				EF3BF99B1F6FB65500849CF5 /* glad.c in Sources */,
				EF7AC1951F70A9D100AD327C /* base.cpp in Sources */,
				EF7AC1921F70A73E00AD327C /* triangle.cpp in Sources */,
				EF7AC1991F70C44A00AD327C /* textures.cpp in Sources */,
			);
			runOnlyForDeploymentPostprocessing = 0;
		};
/* End PBXSourcesBuildPhase section */

/* Begin XCBuildConfiguration section */
		EF3BF8481F6F774800849CF5 /* Debug */ = {
			isa = XCBuildConfiguration;
			buildSettings = {
				ALWAYS_SEARCH_USER_PATHS = NO;
				CLANG_ANALYZER_NONNULL = YES;
				CLANG_ANALYZER_NUMBER_OBJECT_CONVERSION = YES_AGGRESSIVE;
				CLANG_CXX_LANGUAGE_STANDARD = "gnu++0x";
				CLANG_CXX_LIBRARY = "libc++";
				CLANG_ENABLE_MODULES = YES;
				CLANG_ENABLE_OBJC_ARC = YES;
				CLANG_WARN_BOOL_CONVERSION = YES;
				CLANG_WARN_CONSTANT_CONVERSION = YES;
				CLANG_WARN_DIRECT_OBJC_ISA_USAGE = YES_ERROR;
				CLANG_WARN_DOCUMENTATION_COMMENTS = YES;
				CLANG_WARN_EMPTY_BODY = YES;
				CLANG_WARN_ENUM_CONVERSION = YES;
				CLANG_WARN_INFINITE_RECURSION = YES;
				CLANG_WARN_INT_CONVERSION = YES;
				CLANG_WARN_OBJC_ROOT_CLASS = YES_ERROR;
				CLANG_WARN_SUSPICIOUS_MOVE = YES;
				CLANG_WARN_UNREACHABLE_CODE = YES;
				CLANG_WARN__DUPLICATE_METHOD_MATCH = YES;
				CODE_SIGN_IDENTITY = "-";
				COPY_PHASE_STRIP = NO;
				DEBUG_INFORMATION_FORMAT = dwarf;
				ENABLE_STRICT_OBJC_MSGSEND = YES;
				ENABLE_TESTABILITY = YES;
				GCC_C_LANGUAGE_STANDARD = gnu99;
				GCC_DYNAMIC_NO_PIC = NO;
				GCC_NO_COMMON_BLOCKS = YES;
				GCC_OPTIMIZATION_LEVEL = 0;
				GCC_PREPROCESSOR_DEFINITIONS = (
					"DEBUG=1",
					"$(inherited)",
				);
				GCC_WARN_64_TO_32_BIT_CONVERSION = YES;
				GCC_WARN_ABOUT_RETURN_TYPE = YES_ERROR;
				GCC_WARN_UNDECLARED_SELECTOR = YES;
				GCC_WARN_UNINITIALIZED_AUTOS = YES_AGGRESSIVE;
				GCC_WARN_UNUSED_FUNCTION = YES;
				GCC_WARN_UNUSED_VARIABLE = YES;
				MACOSX_DEPLOYMENT_TARGET = 10.12;
				MTL_ENABLE_DEBUG_INFO = YES;
				ONLY_ACTIVE_ARCH = YES;
				SDKROOT = macosx;
			};
			name = Debug;
		};
		EF3BF8491F6F774800849CF5 /* Release */ = {
			isa = XCBuildConfiguration;
			buildSettings = {
				ALWAYS_SEARCH_USER_PATHS = NO;
				CLANG_ANALYZER_NONNULL = YES;
				CLANG_ANALYZER_NUMBER_OBJECT_CONVERSION = YES_AGGRESSIVE;
				CLANG_CXX_LANGUAGE_STANDARD = "gnu++0x";
				CLANG_CXX_LIBRARY = "libc++";
				CLANG_ENABLE_MODULES = YES;
				CLANG_ENABLE_OBJC_ARC = YES;
				CLANG_WARN_BOOL_CONVERSION = YES;
				CLANG_WARN_CONSTANT_CONVERSION = YES;
				CLANG_WARN_DIRECT_OBJC_ISA_USAGE = YES_ERROR;
				CLANG_WARN_DOCUMENTATION_COMMENTS = YES;
				CLANG_WARN_EMPTY_BODY = YES;
				CLANG_WARN_ENUM_CONVERSION = YES;
				CLANG_WARN_INFINITE_RECURSION = YES;
				CLANG_WARN_INT_CONVERSION = YES;
				CLANG_WARN_OBJC_ROOT_CLASS = YES_ERROR;
				CLANG_WARN_SUSPICIOUS_MOVE = YES;
				CLANG_WARN_UNREACHABLE_CODE = YES;
				CLANG_WARN__DUPLICATE_METHOD_MATCH = YES;
				CODE_SIGN_IDENTITY = "-";
				COPY_PHASE_STRIP = NO;
				DEBUG_INFORMATION_FORMAT = "dwarf-with-dsym";
				ENABLE_NS_ASSERTIONS = NO;
				ENABLE_STRICT_OBJC_MSGSEND = YES;
				GCC_C_LANGUAGE_STANDARD = gnu99;
				GCC_NO_COMMON_BLOCKS = YES;
				GCC_WARN_64_TO_32_BIT_CONVERSION = YES;
				GCC_WARN_ABOUT_RETURN_TYPE = YES_ERROR;
				GCC_WARN_UNDECLARED_SELECTOR = YES;
				GCC_WARN_UNINITIALIZED_AUTOS = YES_AGGRESSIVE;
				GCC_WARN_UNUSED_FUNCTION = YES;
				GCC_WARN_UNUSED_VARIABLE = YES;
				MACOSX_DEPLOYMENT_TARGET = 10.12;
				MTL_ENABLE_DEBUG_INFO = NO;
				SDKROOT = macosx;
			};
			name = Release;
		};
		EF3BF84B1F6F774800849CF5 /* Debug */ = {
			isa = XCBuildConfiguration;
			buildSettings = {
				HEADER_SEARCH_PATHS = (
					"$(glew_header)",
					"$(glfw_header)",
				);
				LIBRARY_SEARCH_PATHS = (
					"$(glew_lib)",
					"$(glfw_lib)",
					/usr/local/Cellar/glew/2.1.0/lib,
					/usr/local/Cellar/glfw/3.2.1/lib,
				);
				PRODUCT_NAME = "$(TARGET_NAME)";
				WARNING_CFLAGS = "-Wno-unused-variable";
			};
			name = Debug;
		};
		EF3BF84C1F6F774800849CF5 /* Release */ = {
			isa = XCBuildConfiguration;
			buildSettings = {
				HEADER_SEARCH_PATHS = (
					"$(glew_header)",
					"$(glfw_header)",
				);
				LIBRARY_SEARCH_PATHS = (
					"$(glew_lib)",
					"$(glfw_lib)",
					/usr/local/Cellar/glew/2.1.0/lib,
					/usr/local/Cellar/glfw/3.2.1/lib,
				);
				PRODUCT_NAME = "$(TARGET_NAME)";
				WARNING_CFLAGS = "-Wno-unused-variable";
			};
			name = Release;
		};
/* End XCBuildConfiguration section */

/* Begin XCConfigurationList section */
		EF3BF83E1F6F774800849CF5 /* Build configuration list for PBXProject "LearnOpenGL" */ = {
			isa = XCConfigurationList;
			buildConfigurations = (
				EF3BF8481F6F774800849CF5 /* Debug */,
				EF3BF8491F6F774800849CF5 /* Release */,
			);
			defaultConfigurationIsVisible = 0;
			defaultConfigurationName = Release;
		};
		EF3BF84A1F6F774800849CF5 /* Build configuration list for PBXNativeTarget "LearnOpenGL" */ = {
			isa = XCConfigurationList;
			buildConfigurations = (
				EF3BF84B1F6F774800849CF5 /* Debug */,
				EF3BF84C1F6F774800849CF5 /* Release */,
			);
			defaultConfigurationIsVisible = 0;
			defaultConfigurationName = Release;
		};
/* End XCConfigurationList section */
	};
	rootObject = EF3BF83B1F6F774800849CF5 /* Project object */;
}
